// !$*UTF8*$!
{
	archiveVersion = 1;
	classes = {
	};
	objectVersion = 51;
	objects = {

/* Begin PBXBuildFile section */
		5C0404A22429EDDA00C80A68 /* perdo_Info.plist in Resources */ = {isa = PBXBuildFile; fileRef = 5C0404A12429EDDA00C80A68 /* perdo_Info.plist */; };
		5C0404AD2429EE9B00C80A68 /* MainNavController.m in Sources */ = {isa = PBXBuildFile; fileRef = 5C0404AB2429EE9B00C80A68 /* MainNavController.m */; };
		5C0404AE2429EE9B00C80A68 /* MainTabBarController.m in Sources */ = {isa = PBXBuildFile; fileRef = 5C0404AC2429EE9B00C80A68 /* MainTabBarController.m */; };
		5C0404CD2429EEB500C80A68 /* ClassViewController.m in Sources */ = {isa = PBXBuildFile; fileRef = 5C0404B12429EEB500C80A68 /* ClassViewController.m */; };
		5C0404CE2429EEB500C80A68 /* ExerciseViewController.m in Sources */ = {isa = PBXBuildFile; fileRef = 5C0404B82429EEB500C80A68 /* ExerciseViewController.m */; };
		5C0404CF2429EEB500C80A68 /* IndexViewController.m in Sources */ = {isa = PBXBuildFile; fileRef = 5C0404BE2429EEB500C80A68 /* IndexViewController.m */; };
		5C0404D02429EEB500C80A68 /* MineViewController.m in Sources */ = {isa = PBXBuildFile; fileRef = 5C0404C42429EEB500C80A68 /* MineViewController.m */; };
		5C0404D12429EEB500C80A68 /* MailListViewController.m in Sources */ = {isa = PBXBuildFile; fileRef = 5C0404C92429EEB500C80A68 /* MailListViewController.m */; };
		5C0404D82429EEE100C80A68 /* APPHelper.m in Sources */ = {isa = PBXBuildFile; fileRef = 5C0404D32429EEE100C80A68 /* APPHelper.m */; };
		5C0404FC2429EF0100C80A68 /* UIImage+Compress.m in Sources */ = {isa = PBXBuildFile; fileRef = 5C0404DB2429EF0100C80A68 /* UIImage+Compress.m */; };
		5C0404FD2429EF0100C80A68 /* BEEGIFImageSerialization.m in Sources */ = {isa = PBXBuildFile; fileRef = 5C0404DC2429EF0100C80A68 /* BEEGIFImageSerialization.m */; };
		5C0405002429EF0100C80A68 /* UIImageView+CornerRadius.m in Sources */ = {isa = PBXBuildFile; fileRef = 5C0404E92429EF0100C80A68 /* UIImageView+CornerRadius.m */; };
		5C0405012429EF0100C80A68 /* UINavigationController+FDFullscreenPopGesture.m in Sources */ = {isa = PBXBuildFile; fileRef = 5C0404ED2429EF0100C80A68 /* UINavigationController+FDFullscreenPopGesture.m */; };
		5C0405022429EF0100C80A68 /* UINavigationBar+Awesome.m in Sources */ = {isa = PBXBuildFile; fileRef = 5C0404EE2429EF0100C80A68 /* UINavigationBar+Awesome.m */; };
		5C0405042429EF0100C80A68 /* UIViewController+AddCommenNotify.m in Sources */ = {isa = PBXBuildFile; fileRef = 5C0404F02429EF0100C80A68 /* UIViewController+AddCommenNotify.m */; };
		5C0405052429EF0100C80A68 /* NSArray+CheckSP.m in Sources */ = {isa = PBXBuildFile; fileRef = 5C0404F22429EF0100C80A68 /* NSArray+CheckSP.m */; };
		5C0405062429EF0100C80A68 /* UIView+SNFoundation.m in Sources */ = {isa = PBXBuildFile; fileRef = 5C0404F32429EF0100C80A68 /* UIView+SNFoundation.m */; };
		5C0405072429EF0100C80A68 /* AFHTTPSessionManager+RetryPolicy.m in Sources */ = {isa = PBXBuildFile; fileRef = 5C0404F62429EF0100C80A68 /* AFHTTPSessionManager+RetryPolicy.m */; };
		5C0405082429EF0100C80A68 /* NSObject+AssociatedDictionary.m in Sources */ = {isa = PBXBuildFile; fileRef = 5C0404F72429EF0100C80A68 /* NSObject+AssociatedDictionary.m */; };
		5C0405092429EF0100C80A68 /* ObjcAssociatedObjectHelpers.m in Sources */ = {isa = PBXBuildFile; fileRef = 5C0404F82429EF0100C80A68 /* ObjcAssociatedObjectHelpers.m */; };
		5C0405122429FC6500C80A68 /* MemberInfoModel.m in Sources */ = {isa = PBXBuildFile; fileRef = 5C0405102429FC6400C80A68 /* MemberInfoModel.m */; };
		5C0405162429FCE400C80A68 /* PhoneLoginViewController.m in Sources */ = {isa = PBXBuildFile; fileRef = 5C0405132429FCE300C80A68 /* PhoneLoginViewController.m */; };
		5C0405172429FCE400C80A68 /* PhoneLoginViewController.xib in Resources */ = {isa = PBXBuildFile; fileRef = 5C0405142429FCE300C80A68 /* PhoneLoginViewController.xib */; };
		5C04051E2429FDFE00C80A68 /* ProtocolLabel.m in Sources */ = {isa = PBXBuildFile; fileRef = 5C0405192429FDFD00C80A68 /* ProtocolLabel.m */; };
		5C04051F2429FDFE00C80A68 /* AuthCodeView.m in Sources */ = {isa = PBXBuildFile; fileRef = 5C04051D2429FDFE00C80A68 /* AuthCodeView.m */; };
		5C17A24D242CA82600D9F029 /* CustomAlertThreeView.m in Sources */ = {isa = PBXBuildFile; fileRef = 5C17A24C242CA82600D9F029 /* CustomAlertThreeView.m */; };
		5C17A24F242CA84700D9F029 /* CustomAlertThreeView.xib in Resources */ = {isa = PBXBuildFile; fileRef = 5C17A24E242CA84700D9F029 /* CustomAlertThreeView.xib */; };
		5C17A252242CA86600D9F029 /* CustomAlertFourView.m in Sources */ = {isa = PBXBuildFile; fileRef = 5C17A251242CA86600D9F029 /* CustomAlertFourView.m */; };
		5C17A254242CA87000D9F029 /* CustomAlertFourView.xib in Resources */ = {isa = PBXBuildFile; fileRef = 5C17A253242CA87000D9F029 /* CustomAlertFourView.xib */; };
		5C17A265242D980F00D9F029 /* UIView+ZJFrame.m in Sources */ = {isa = PBXBuildFile; fileRef = 5C17A257242D980F00D9F029 /* UIView+ZJFrame.m */; };
		5C17A266242D980F00D9F029 /* ZJTitleView.m in Sources */ = {isa = PBXBuildFile; fileRef = 5C17A25B242D980F00D9F029 /* ZJTitleView.m */; };
		5C17A267242D980F00D9F029 /* UIViewController+ZJScrollPageController.m in Sources */ = {isa = PBXBuildFile; fileRef = 5C17A25C242D980F00D9F029 /* UIViewController+ZJScrollPageController.m */; };
		5C17A268242D980F00D9F029 /* ZJContentView.m in Sources */ = {isa = PBXBuildFile; fileRef = 5C17A25F242D980F00D9F029 /* ZJContentView.m */; };
		5C17A269242D980F00D9F029 /* ZJSegmentStyle.m in Sources */ = {isa = PBXBuildFile; fileRef = 5C17A260242D980F00D9F029 /* ZJSegmentStyle.m */; };
		5C17A26A242D980F00D9F029 /* ZJScrollSegmentView.m in Sources */ = {isa = PBXBuildFile; fileRef = 5C17A261242D980F00D9F029 /* ZJScrollSegmentView.m */; };
		5C17A26B242D980F00D9F029 /* ZJScrollPageView.m in Sources */ = {isa = PBXBuildFile; fileRef = 5C17A262242D980F00D9F029 /* ZJScrollPageView.m */; };
		5C17A26E242D99E900D9F029 /* HonorViewController.m in Sources */ = {isa = PBXBuildFile; fileRef = 5C17A26D242D99E900D9F029 /* HonorViewController.m */; };
		5C17A271242D9A0F00D9F029 /* NameListViewController.m in Sources */ = {isa = PBXBuildFile; fileRef = 5C17A270242D9A0F00D9F029 /* NameListViewController.m */; };
		5C17A275242DD08E00D9F029 /* HonorTableViewCell.m in Sources */ = {isa = PBXBuildFile; fileRef = 5C17A273242DD08E00D9F029 /* HonorTableViewCell.m */; };
		5C17A276242DD08E00D9F029 /* HonorTableViewCell.xib in Resources */ = {isa = PBXBuildFile; fileRef = 5C17A274242DD08E00D9F029 /* HonorTableViewCell.xib */; };
		5C17A27D242DD0E500D9F029 /* LICENSE in Resources */ = {isa = PBXBuildFile; fileRef = 5C17A278242DD0E500D9F029 /* LICENSE */; };
		5C17A27E242DD0E500D9F029 /* UIScrollView+EmptyDataSet.m in Sources */ = {isa = PBXBuildFile; fileRef = 5C17A27A242DD0E500D9F029 /* UIScrollView+EmptyDataSet.m */; };
		5C17A27F242DD0E500D9F029 /* README.md in Resources */ = {isa = PBXBuildFile; fileRef = 5C17A27C242DD0E500D9F029 /* README.md */; };
		5C17A282242DD17600D9F029 /* UIScrollView+ConfigRefresh.m in Sources */ = {isa = PBXBuildFile; fileRef = 5C17A280242DD17600D9F029 /* UIScrollView+ConfigRefresh.m */; };
		5C17A29C242DD21600D9F029 /* refresh_head_animation07@2x.png in Resources */ = {isa = PBXBuildFile; fileRef = 5C17A284242DD21600D9F029 /* refresh_head_animation07@2x.png */; };
		5C17A29D242DD21600D9F029 /* refresh_head_animation09@3x.png in Resources */ = {isa = PBXBuildFile; fileRef = 5C17A285242DD21600D9F029 /* refresh_head_animation09@3x.png */; };
		5C17A29E242DD21600D9F029 /* refresh_head_animation05@3x.png in Resources */ = {isa = PBXBuildFile; fileRef = 5C17A286242DD21600D9F029 /* refresh_head_animation05@3x.png */; };
		5C17A29F242DD21600D9F029 /* refresh_head_animation05@2x.png in Resources */ = {isa = PBXBuildFile; fileRef = 5C17A287242DD21600D9F029 /* refresh_head_animation05@2x.png */; };
		5C17A2A0242DD21600D9F029 /* refresh_head_animation09@2x.png in Resources */ = {isa = PBXBuildFile; fileRef = 5C17A288242DD21600D9F029 /* refresh_head_animation09@2x.png */; };
		5C17A2A1242DD21600D9F029 /* refresh_head_animation07@3x.png in Resources */ = {isa = PBXBuildFile; fileRef = 5C17A289242DD21600D9F029 /* refresh_head_animation07@3x.png */; };
		5C17A2A2242DD21600D9F029 /* refresh_head_animation11@3x.png in Resources */ = {isa = PBXBuildFile; fileRef = 5C17A28A242DD21600D9F029 /* refresh_head_animation11@3x.png */; };
		5C17A2A3242DD21600D9F029 /* refresh_head_animation03@3x.png in Resources */ = {isa = PBXBuildFile; fileRef = 5C17A28B242DD21600D9F029 /* refresh_head_animation03@3x.png */; };
		5C17A2A4242DD21600D9F029 /* refresh_head_animation01@2x.png in Resources */ = {isa = PBXBuildFile; fileRef = 5C17A28C242DD21600D9F029 /* refresh_head_animation01@2x.png */; };
		5C17A2A5242DD21600D9F029 /* refresh_head_animation01@3x.png in Resources */ = {isa = PBXBuildFile; fileRef = 5C17A28D242DD21600D9F029 /* refresh_head_animation01@3x.png */; };
		5C17A2A6242DD21600D9F029 /* refresh_head_animation03@2x.png in Resources */ = {isa = PBXBuildFile; fileRef = 5C17A28E242DD21600D9F029 /* refresh_head_animation03@2x.png */; };
		5C17A2A7242DD21600D9F029 /* refresh_head_animation11@2x.png in Resources */ = {isa = PBXBuildFile; fileRef = 5C17A28F242DD21600D9F029 /* refresh_head_animation11@2x.png */; };
		5C17A2A8242DD21600D9F029 /* refresh_head_animation08@3x.png in Resources */ = {isa = PBXBuildFile; fileRef = 5C17A290242DD21600D9F029 /* refresh_head_animation08@3x.png */; };
		5C17A2A9242DD21600D9F029 /* refresh_head_animation04@3x.png in Resources */ = {isa = PBXBuildFile; fileRef = 5C17A291242DD21600D9F029 /* refresh_head_animation04@3x.png */; };
		5C17A2AA242DD21600D9F029 /* refresh_head_animation06@2x.png in Resources */ = {isa = PBXBuildFile; fileRef = 5C17A292242DD21600D9F029 /* refresh_head_animation06@2x.png */; };
		5C17A2AB242DD21600D9F029 /* refresh_head_animation06@3x.png in Resources */ = {isa = PBXBuildFile; fileRef = 5C17A293242DD21600D9F029 /* refresh_head_animation06@3x.png */; };
		5C17A2AC242DD21600D9F029 /* refresh_head_animation04@2x.png in Resources */ = {isa = PBXBuildFile; fileRef = 5C17A294242DD21600D9F029 /* refresh_head_animation04@2x.png */; };
		5C17A2AD242DD21600D9F029 /* refresh_head_animation08@2x.png in Resources */ = {isa = PBXBuildFile; fileRef = 5C17A295242DD21600D9F029 /* refresh_head_animation08@2x.png */; };
		5C17A2AE242DD21600D9F029 /* refresh_head_animation00@2x.png in Resources */ = {isa = PBXBuildFile; fileRef = 5C17A296242DD21600D9F029 /* refresh_head_animation00@2x.png */; };
		5C17A2AF242DD21600D9F029 /* refresh_head_animation10@3x.png in Resources */ = {isa = PBXBuildFile; fileRef = 5C17A297242DD21600D9F029 /* refresh_head_animation10@3x.png */; };
		5C17A2B0242DD21600D9F029 /* refresh_head_animation02@3x.png in Resources */ = {isa = PBXBuildFile; fileRef = 5C17A298242DD21600D9F029 /* refresh_head_animation02@3x.png */; };
		5C17A2B1242DD21600D9F029 /* refresh_head_animation02@2x.png in Resources */ = {isa = PBXBuildFile; fileRef = 5C17A299242DD21600D9F029 /* refresh_head_animation02@2x.png */; };
		5C17A2B2242DD21600D9F029 /* refresh_head_animation10@2x.png in Resources */ = {isa = PBXBuildFile; fileRef = 5C17A29A242DD21600D9F029 /* refresh_head_animation10@2x.png */; };
		5C17A2B3242DD21600D9F029 /* refresh_head_animation00@3x.png in Resources */ = {isa = PBXBuildFile; fileRef = 5C17A29B242DD21600D9F029 /* refresh_head_animation00@3x.png */; };
		5C17A2B6242DD25500D9F029 /* UIScrollView+HeaderScaleImage.m in Sources */ = {isa = PBXBuildFile; fileRef = 5C17A2B5242DD25500D9F029 /* UIScrollView+HeaderScaleImage.m */; };
		5C17A2BC242DD2A100D9F029 /* UICollectionView+ARDynamicCacheHeightLayoutCell.m in Sources */ = {isa = PBXBuildFile; fileRef = 5C17A2BB242DD2A100D9F029 /* UICollectionView+ARDynamicCacheHeightLayoutCell.m */; };
		5C17A2C0242DD46F00D9F029 /* NameListTableViewCell.m in Sources */ = {isa = PBXBuildFile; fileRef = 5C17A2BE242DD46F00D9F029 /* NameListTableViewCell.m */; };
		5C17A2C1242DD46F00D9F029 /* NameListTableViewCell.xib in Resources */ = {isa = PBXBuildFile; fileRef = 5C17A2BF242DD46F00D9F029 /* NameListTableViewCell.xib */; };
		5C4D521C2429E686001AE779 /* AppDelegate.m in Sources */ = {isa = PBXBuildFile; fileRef = 5C4D521B2429E686001AE779 /* AppDelegate.m */; };
		5C4D52272429E688001AE779 /* Assets.xcassets in Resources */ = {isa = PBXBuildFile; fileRef = 5C4D52262429E688001AE779 /* Assets.xcassets */; };
		5C4D522A2429E688001AE779 /* LaunchScreen.storyboard in Resources */ = {isa = PBXBuildFile; fileRef = 5C4D52282429E688001AE779 /* LaunchScreen.storyboard */; };
		5C4D522D2429E688001AE779 /* main.m in Sources */ = {isa = PBXBuildFile; fileRef = 5C4D522C2429E688001AE779 /* main.m */; };
		5C4D52372429E688001AE779 /* PerdoTests.m in Sources */ = {isa = PBXBuildFile; fileRef = 5C4D52362429E688001AE779 /* PerdoTests.m */; };
		5C4D52422429E688001AE779 /* PerdoUITests.m in Sources */ = {isa = PBXBuildFile; fileRef = 5C4D52412429E688001AE779 /* PerdoUITests.m */; };
		5C52B5F2242AF87100BE39DA /* RoleChoicesViewController.m in Sources */ = {isa = PBXBuildFile; fileRef = 5C52B5F0242AF87100BE39DA /* RoleChoicesViewController.m */; };
		5C52B5F3242AF87100BE39DA /* RoleChoicesViewController.xib in Resources */ = {isa = PBXBuildFile; fileRef = 5C52B5F1242AF87100BE39DA /* RoleChoicesViewController.xib */; };
		5C52B5F7242B092400BE39DA /* StudentViewController.m in Sources */ = {isa = PBXBuildFile; fileRef = 5C52B5F5242B092400BE39DA /* StudentViewController.m */; };
		5C52B5F8242B092400BE39DA /* StudentViewController.xib in Resources */ = {isa = PBXBuildFile; fileRef = 5C52B5F6242B092400BE39DA /* StudentViewController.xib */; };
		5C52B5FC242B093600BE39DA /* TeacherViewController.m in Sources */ = {isa = PBXBuildFile; fileRef = 5C52B5FA242B093600BE39DA /* TeacherViewController.m */; };
		5C52B5FD242B093600BE39DA /* TeacherViewController.xib in Resources */ = {isa = PBXBuildFile; fileRef = 5C52B5FB242B093600BE39DA /* TeacherViewController.xib */; };
		5C52B603242B0B6600BE39DA /* UIViewController+PDNavigationItem.m in Sources */ = {isa = PBXBuildFile; fileRef = 5C52B600242B0B6600BE39DA /* UIViewController+PDNavigationItem.m */; };
		5C52B604242B0B6600BE39DA /* UITableViewCell+PDLineSpace.m in Sources */ = {isa = PBXBuildFile; fileRef = 5C52B602242B0B6600BE39DA /* UITableViewCell+PDLineSpace.m */; };
		5C52B60B242C992700BE39DA /* IndexViewController.xib in Resources */ = {isa = PBXBuildFile; fileRef = 5C52B60A242C992700BE39DA /* IndexViewController.xib */; };
		5C55A3B22432DCD0005E48FA /* HomeworkTableViewCell.m in Sources */ = {isa = PBXBuildFile; fileRef = 5C55A3B02432DCD0005E48FA /* HomeworkTableViewCell.m */; };
		5C55A3B32432DCD0005E48FA /* HomeworkTableViewCell.xib in Resources */ = {isa = PBXBuildFile; fileRef = 5C55A3B12432DCD0005E48FA /* HomeworkTableViewCell.xib */; };
		5C55A3BC24330D40005E48FA /* CourseChoseButton.m in Sources */ = {isa = PBXBuildFile; fileRef = 5C55A3BB24330D40005E48FA /* CourseChoseButton.m */; };
		7D3AD381AB27F9356A453508 /* Pods_Perdo.framework in Frameworks */ = {isa = PBXBuildFile; fileRef = 0F585664F33D16024D59559C /* Pods_Perdo.framework */; };
/* End PBXBuildFile section */

/* Begin PBXContainerItemProxy section */
		5C4D52332429E688001AE779 /* PBXContainerItemProxy */ = {
			isa = PBXContainerItemProxy;
			containerPortal = 5C4D520F2429E686001AE779 /* Project object */;
			proxyType = 1;
			remoteGlobalIDString = 5C4D52162429E686001AE779;
			remoteInfo = Perdo;
		};
		5C4D523E2429E688001AE779 /* PBXContainerItemProxy */ = {
			isa = PBXContainerItemProxy;
			containerPortal = 5C4D520F2429E686001AE779 /* Project object */;
			proxyType = 1;
			remoteGlobalIDString = 5C4D52162429E686001AE779;
			remoteInfo = Perdo;
		};
/* End PBXContainerItemProxy section */

/* Begin PBXFileReference section */
		0F585664F33D16024D59559C /* Pods_Perdo.framework */ = {isa = PBXFileReference; explicitFileType = wrapper.framework; includeInIndex = 0; path = Pods_Perdo.framework; sourceTree = BUILT_PRODUCTS_DIR; };
		5C0404A12429EDDA00C80A68 /* perdo_Info.plist */ = {isa = PBXFileReference; fileEncoding = 4; lastKnownFileType = text.plist.xml; path = perdo_Info.plist; sourceTree = "<group>"; };
		5C0404A92429EE9B00C80A68 /* MainTabBarController.h */ = {isa = PBXFileReference; fileEncoding = 4; lastKnownFileType = sourcecode.c.h; path = MainTabBarController.h; sourceTree = "<group>"; };
		5C0404AA2429EE9B00C80A68 /* MainNavController.h */ = {isa = PBXFileReference; fileEncoding = 4; lastKnownFileType = sourcecode.c.h; path = MainNavController.h; sourceTree = "<group>"; };
		5C0404AB2429EE9B00C80A68 /* MainNavController.m */ = {isa = PBXFileReference; fileEncoding = 4; lastKnownFileType = sourcecode.c.objc; path = MainNavController.m; sourceTree = "<group>"; };
		5C0404AC2429EE9B00C80A68 /* MainTabBarController.m */ = {isa = PBXFileReference; fileEncoding = 4; lastKnownFileType = sourcecode.c.objc; path = MainTabBarController.m; sourceTree = "<group>"; };
		5C0404B12429EEB500C80A68 /* ClassViewController.m */ = {isa = PBXFileReference; fileEncoding = 4; lastKnownFileType = sourcecode.c.objc; path = ClassViewController.m; sourceTree = "<group>"; };
		5C0404B22429EEB500C80A68 /* ClassViewController.h */ = {isa = PBXFileReference; fileEncoding = 4; lastKnownFileType = sourcecode.c.h; path = ClassViewController.h; sourceTree = "<group>"; };
		5C0404B72429EEB500C80A68 /* ExerciseViewController.h */ = {isa = PBXFileReference; fileEncoding = 4; lastKnownFileType = sourcecode.c.h; path = ExerciseViewController.h; sourceTree = "<group>"; };
		5C0404B82429EEB500C80A68 /* ExerciseViewController.m */ = {isa = PBXFileReference; fileEncoding = 4; lastKnownFileType = sourcecode.c.objc; path = ExerciseViewController.m; sourceTree = "<group>"; };
		5C0404BD2429EEB500C80A68 /* IndexViewController.h */ = {isa = PBXFileReference; fileEncoding = 4; lastKnownFileType = sourcecode.c.h; path = IndexViewController.h; sourceTree = "<group>"; };
		5C0404BE2429EEB500C80A68 /* IndexViewController.m */ = {isa = PBXFileReference; fileEncoding = 4; lastKnownFileType = sourcecode.c.objc; path = IndexViewController.m; sourceTree = "<group>"; };
		5C0404C32429EEB500C80A68 /* MineViewController.h */ = {isa = PBXFileReference; fileEncoding = 4; lastKnownFileType = sourcecode.c.h; path = MineViewController.h; sourceTree = "<group>"; };
		5C0404C42429EEB500C80A68 /* MineViewController.m */ = {isa = PBXFileReference; fileEncoding = 4; lastKnownFileType = sourcecode.c.objc; path = MineViewController.m; sourceTree = "<group>"; };
		5C0404C92429EEB500C80A68 /* MailListViewController.m */ = {isa = PBXFileReference; fileEncoding = 4; lastKnownFileType = sourcecode.c.objc; path = MailListViewController.m; sourceTree = "<group>"; };
		5C0404CA2429EEB500C80A68 /* MailListViewController.h */ = {isa = PBXFileReference; fileEncoding = 4; lastKnownFileType = sourcecode.c.h; path = MailListViewController.h; sourceTree = "<group>"; };
		5C0404D22429EEE100C80A68 /* APPHelper.h */ = {isa = PBXFileReference; fileEncoding = 4; lastKnownFileType = sourcecode.c.h; path = APPHelper.h; sourceTree = "<group>"; };
		5C0404D32429EEE100C80A68 /* APPHelper.m */ = {isa = PBXFileReference; fileEncoding = 4; lastKnownFileType = sourcecode.c.objc; path = APPHelper.m; sourceTree = "<group>"; };
		5C0404D52429EEE100C80A68 /* CommonMacro.h */ = {isa = PBXFileReference; fileEncoding = 4; lastKnownFileType = sourcecode.c.h; path = CommonMacro.h; sourceTree = "<group>"; };
		5C0404D62429EEE100C80A68 /* FontMacro.h */ = {isa = PBXFileReference; fileEncoding = 4; lastKnownFileType = sourcecode.c.h; path = FontMacro.h; sourceTree = "<group>"; };
		5C0404D72429EEE100C80A68 /* ColorMacro.h */ = {isa = PBXFileReference; fileEncoding = 4; lastKnownFileType = sourcecode.c.h; path = ColorMacro.h; sourceTree = "<group>"; };
		5C0404DB2429EF0100C80A68 /* UIImage+Compress.m */ = {isa = PBXFileReference; fileEncoding = 4; lastKnownFileType = sourcecode.c.objc; path = "UIImage+Compress.m"; sourceTree = "<group>"; };
		5C0404DC2429EF0100C80A68 /* BEEGIFImageSerialization.m */ = {isa = PBXFileReference; fileEncoding = 4; lastKnownFileType = sourcecode.c.objc; path = BEEGIFImageSerialization.m; sourceTree = "<group>"; };
		5C0404DD2429EF0100C80A68 /* UIImage+Compress.h */ = {isa = PBXFileReference; fileEncoding = 4; lastKnownFileType = sourcecode.c.h; path = "UIImage+Compress.h"; sourceTree = "<group>"; };
		5C0404DE2429EF0100C80A68 /* BEEGIFImageSerialization.h */ = {isa = PBXFileReference; fileEncoding = 4; lastKnownFileType = sourcecode.c.h; path = BEEGIFImageSerialization.h; sourceTree = "<group>"; };
		5C0404DF2429EF0100C80A68 /* UIViewController+AddCommenNotify.h */ = {isa = PBXFileReference; fileEncoding = 4; lastKnownFileType = sourcecode.c.h; path = "UIViewController+AddCommenNotify.h"; sourceTree = "<group>"; };
		5C0404E12429EF0100C80A68 /* UIImageView+CornerRadius.h */ = {isa = PBXFileReference; fileEncoding = 4; lastKnownFileType = sourcecode.c.h; path = "UIImageView+CornerRadius.h"; sourceTree = "<group>"; };
		5C0404E32429EF0100C80A68 /* NSArray+CheckSP.h */ = {isa = PBXFileReference; fileEncoding = 4; lastKnownFileType = sourcecode.c.h; path = "NSArray+CheckSP.h"; sourceTree = "<group>"; };
		5C0404E42429EF0100C80A68 /* UIView+SNFoundation.h */ = {isa = PBXFileReference; fileEncoding = 4; lastKnownFileType = sourcecode.c.h; path = "UIView+SNFoundation.h"; sourceTree = "<group>"; };
		5C0404E92429EF0100C80A68 /* UIImageView+CornerRadius.m */ = {isa = PBXFileReference; fileEncoding = 4; lastKnownFileType = sourcecode.c.objc; path = "UIImageView+CornerRadius.m"; sourceTree = "<group>"; };
		5C0404EB2429EF0100C80A68 /* UINavigationController+FDFullscreenPopGesture.h */ = {isa = PBXFileReference; fileEncoding = 4; lastKnownFileType = sourcecode.c.h; path = "UINavigationController+FDFullscreenPopGesture.h"; sourceTree = "<group>"; };
		5C0404EC2429EF0100C80A68 /* UINavigationBar+Awesome.h */ = {isa = PBXFileReference; fileEncoding = 4; lastKnownFileType = sourcecode.c.h; path = "UINavigationBar+Awesome.h"; sourceTree = "<group>"; };
		5C0404ED2429EF0100C80A68 /* UINavigationController+FDFullscreenPopGesture.m */ = {isa = PBXFileReference; fileEncoding = 4; lastKnownFileType = sourcecode.c.objc; path = "UINavigationController+FDFullscreenPopGesture.m"; sourceTree = "<group>"; };
		5C0404EE2429EF0100C80A68 /* UINavigationBar+Awesome.m */ = {isa = PBXFileReference; fileEncoding = 4; lastKnownFileType = sourcecode.c.objc; path = "UINavigationBar+Awesome.m"; sourceTree = "<group>"; };
		5C0404F02429EF0100C80A68 /* UIViewController+AddCommenNotify.m */ = {isa = PBXFileReference; fileEncoding = 4; lastKnownFileType = sourcecode.c.objc; path = "UIViewController+AddCommenNotify.m"; sourceTree = "<group>"; };
		5C0404F22429EF0100C80A68 /* NSArray+CheckSP.m */ = {isa = PBXFileReference; fileEncoding = 4; lastKnownFileType = sourcecode.c.objc; path = "NSArray+CheckSP.m"; sourceTree = "<group>"; };
		5C0404F32429EF0100C80A68 /* UIView+SNFoundation.m */ = {isa = PBXFileReference; fileEncoding = 4; lastKnownFileType = sourcecode.c.objc; path = "UIView+SNFoundation.m"; sourceTree = "<group>"; };
		5C0404F52429EF0100C80A68 /* ObjcAssociatedObjectHelpers.h */ = {isa = PBXFileReference; fileEncoding = 4; lastKnownFileType = sourcecode.c.h; path = ObjcAssociatedObjectHelpers.h; sourceTree = "<group>"; };
		5C0404F62429EF0100C80A68 /* AFHTTPSessionManager+RetryPolicy.m */ = {isa = PBXFileReference; fileEncoding = 4; lastKnownFileType = sourcecode.c.objc; path = "AFHTTPSessionManager+RetryPolicy.m"; sourceTree = "<group>"; };
		5C0404F72429EF0100C80A68 /* NSObject+AssociatedDictionary.m */ = {isa = PBXFileReference; fileEncoding = 4; lastKnownFileType = sourcecode.c.objc; path = "NSObject+AssociatedDictionary.m"; sourceTree = "<group>"; };
		5C0404F82429EF0100C80A68 /* ObjcAssociatedObjectHelpers.m */ = {isa = PBXFileReference; fileEncoding = 4; lastKnownFileType = sourcecode.c.objc; path = ObjcAssociatedObjectHelpers.m; sourceTree = "<group>"; };
		5C0404F92429EF0100C80A68 /* NSObject+AssociatedDictionary.h */ = {isa = PBXFileReference; fileEncoding = 4; lastKnownFileType = sourcecode.c.h; path = "NSObject+AssociatedDictionary.h"; sourceTree = "<group>"; };
		5C0404FA2429EF0100C80A68 /* AFHTTPSessionManager+RetryPolicy.h */ = {isa = PBXFileReference; fileEncoding = 4; lastKnownFileType = sourcecode.c.h; path = "AFHTTPSessionManager+RetryPolicy.h"; sourceTree = "<group>"; };
		5C04050B2429EF1E00C80A68 /* PchFile.pch */ = {isa = PBXFileReference; fileEncoding = 4; lastKnownFileType = sourcecode.c.h; path = PchFile.pch; sourceTree = "<group>"; };
		5C0405102429FC6400C80A68 /* MemberInfoModel.m */ = {isa = PBXFileReference; fileEncoding = 4; lastKnownFileType = sourcecode.c.objc; path = MemberInfoModel.m; sourceTree = "<group>"; };
		5C0405112429FC6500C80A68 /* MemberInfoModel.h */ = {isa = PBXFileReference; fileEncoding = 4; lastKnownFileType = sourcecode.c.h; path = MemberInfoModel.h; sourceTree = "<group>"; };
		5C0405132429FCE300C80A68 /* PhoneLoginViewController.m */ = {isa = PBXFileReference; fileEncoding = 4; lastKnownFileType = sourcecode.c.objc; path = PhoneLoginViewController.m; sourceTree = "<group>"; };
		5C0405142429FCE300C80A68 /* PhoneLoginViewController.xib */ = {isa = PBXFileReference; fileEncoding = 4; lastKnownFileType = file.xib; path = PhoneLoginViewController.xib; sourceTree = "<group>"; };
		5C0405152429FCE400C80A68 /* PhoneLoginViewController.h */ = {isa = PBXFileReference; fileEncoding = 4; lastKnownFileType = sourcecode.c.h; path = PhoneLoginViewController.h; sourceTree = "<group>"; };
		5C0405192429FDFD00C80A68 /* ProtocolLabel.m */ = {isa = PBXFileReference; fileEncoding = 4; lastKnownFileType = sourcecode.c.objc; path = ProtocolLabel.m; sourceTree = "<group>"; };
		5C04051A2429FDFD00C80A68 /* ProtocolLabel.h */ = {isa = PBXFileReference; fileEncoding = 4; lastKnownFileType = sourcecode.c.h; path = ProtocolLabel.h; sourceTree = "<group>"; };
		5C04051C2429FDFE00C80A68 /* AuthCodeView.h */ = {isa = PBXFileReference; fileEncoding = 4; lastKnownFileType = sourcecode.c.h; path = AuthCodeView.h; sourceTree = "<group>"; };
		5C04051D2429FDFE00C80A68 /* AuthCodeView.m */ = {isa = PBXFileReference; fileEncoding = 4; lastKnownFileType = sourcecode.c.objc; path = AuthCodeView.m; sourceTree = "<group>"; };
		5C17A24B242CA82600D9F029 /* CustomAlertThreeView.h */ = {isa = PBXFileReference; lastKnownFileType = sourcecode.c.h; path = CustomAlertThreeView.h; sourceTree = "<group>"; };
		5C17A24C242CA82600D9F029 /* CustomAlertThreeView.m */ = {isa = PBXFileReference; lastKnownFileType = sourcecode.c.objc; path = CustomAlertThreeView.m; sourceTree = "<group>"; };
		5C17A24E242CA84700D9F029 /* CustomAlertThreeView.xib */ = {isa = PBXFileReference; lastKnownFileType = file.xib; path = CustomAlertThreeView.xib; sourceTree = "<group>"; };
		5C17A250242CA86600D9F029 /* CustomAlertFourView.h */ = {isa = PBXFileReference; lastKnownFileType = sourcecode.c.h; path = CustomAlertFourView.h; sourceTree = "<group>"; };
		5C17A251242CA86600D9F029 /* CustomAlertFourView.m */ = {isa = PBXFileReference; lastKnownFileType = sourcecode.c.objc; path = CustomAlertFourView.m; sourceTree = "<group>"; };
		5C17A253242CA87000D9F029 /* CustomAlertFourView.xib */ = {isa = PBXFileReference; lastKnownFileType = file.xib; path = CustomAlertFourView.xib; sourceTree = "<group>"; };
		5C17A256242D980F00D9F029 /* ZJContentView.h */ = {isa = PBXFileReference; fileEncoding = 4; lastKnownFileType = sourcecode.c.h; path = ZJContentView.h; sourceTree = "<group>"; };
		5C17A257242D980F00D9F029 /* UIView+ZJFrame.m */ = {isa = PBXFileReference; fileEncoding = 4; lastKnownFileType = sourcecode.c.objc; path = "UIView+ZJFrame.m"; sourceTree = "<group>"; };
		5C17A258242D980F00D9F029 /* ZJScrollSegmentView.h */ = {isa = PBXFileReference; fileEncoding = 4; lastKnownFileType = sourcecode.c.h; path = ZJScrollSegmentView.h; sourceTree = "<group>"; };
		5C17A259242D980F00D9F029 /* ZJScrollPageViewDelegate.h */ = {isa = PBXFileReference; fileEncoding = 4; lastKnownFileType = sourcecode.c.h; path = ZJScrollPageViewDelegate.h; sourceTree = "<group>"; };
		5C17A25A242D980F00D9F029 /* ZJSegmentStyle.h */ = {isa = PBXFileReference; fileEncoding = 4; lastKnownFileType = sourcecode.c.h; path = ZJSegmentStyle.h; sourceTree = "<group>"; };
		5C17A25B242D980F00D9F029 /* ZJTitleView.m */ = {isa = PBXFileReference; fileEncoding = 4; lastKnownFileType = sourcecode.c.objc; path = ZJTitleView.m; sourceTree = "<group>"; };
		5C17A25C242D980F00D9F029 /* UIViewController+ZJScrollPageController.m */ = {isa = PBXFileReference; fileEncoding = 4; lastKnownFileType = sourcecode.c.objc; path = "UIViewController+ZJScrollPageController.m"; sourceTree = "<group>"; };
		5C17A25D242D980F00D9F029 /* ZJScrollPageView.h */ = {isa = PBXFileReference; fileEncoding = 4; lastKnownFileType = sourcecode.c.h; path = ZJScrollPageView.h; sourceTree = "<group>"; };
		5C17A25E242D980F00D9F029 /* UIView+ZJFrame.h */ = {isa = PBXFileReference; fileEncoding = 4; lastKnownFileType = sourcecode.c.h; path = "UIView+ZJFrame.h"; sourceTree = "<group>"; };
		5C17A25F242D980F00D9F029 /* ZJContentView.m */ = {isa = PBXFileReference; fileEncoding = 4; lastKnownFileType = sourcecode.c.objc; path = ZJContentView.m; sourceTree = "<group>"; };
		5C17A260242D980F00D9F029 /* ZJSegmentStyle.m */ = {isa = PBXFileReference; fileEncoding = 4; lastKnownFileType = sourcecode.c.objc; path = ZJSegmentStyle.m; sourceTree = "<group>"; };
		5C17A261242D980F00D9F029 /* ZJScrollSegmentView.m */ = {isa = PBXFileReference; fileEncoding = 4; lastKnownFileType = sourcecode.c.objc; path = ZJScrollSegmentView.m; sourceTree = "<group>"; };
		5C17A262242D980F00D9F029 /* ZJScrollPageView.m */ = {isa = PBXFileReference; fileEncoding = 4; lastKnownFileType = sourcecode.c.objc; path = ZJScrollPageView.m; sourceTree = "<group>"; };
		5C17A263242D980F00D9F029 /* UIViewController+ZJScrollPageController.h */ = {isa = PBXFileReference; fileEncoding = 4; lastKnownFileType = sourcecode.c.h; path = "UIViewController+ZJScrollPageController.h"; sourceTree = "<group>"; };
		5C17A264242D980F00D9F029 /* ZJTitleView.h */ = {isa = PBXFileReference; fileEncoding = 4; lastKnownFileType = sourcecode.c.h; path = ZJTitleView.h; sourceTree = "<group>"; };
		5C17A26C242D99E900D9F029 /* HonorViewController.h */ = {isa = PBXFileReference; lastKnownFileType = sourcecode.c.h; path = HonorViewController.h; sourceTree = "<group>"; };
		5C17A26D242D99E900D9F029 /* HonorViewController.m */ = {isa = PBXFileReference; lastKnownFileType = sourcecode.c.objc; path = HonorViewController.m; sourceTree = "<group>"; };
		5C17A26F242D9A0F00D9F029 /* NameListViewController.h */ = {isa = PBXFileReference; lastKnownFileType = sourcecode.c.h; path = NameListViewController.h; sourceTree = "<group>"; };
		5C17A270242D9A0F00D9F029 /* NameListViewController.m */ = {isa = PBXFileReference; lastKnownFileType = sourcecode.c.objc; path = NameListViewController.m; sourceTree = "<group>"; };
		5C17A272242DD08E00D9F029 /* HonorTableViewCell.h */ = {isa = PBXFileReference; lastKnownFileType = sourcecode.c.h; path = HonorTableViewCell.h; sourceTree = "<group>"; };
		5C17A273242DD08E00D9F029 /* HonorTableViewCell.m */ = {isa = PBXFileReference; lastKnownFileType = sourcecode.c.objc; path = HonorTableViewCell.m; sourceTree = "<group>"; };
		5C17A274242DD08E00D9F029 /* HonorTableViewCell.xib */ = {isa = PBXFileReference; lastKnownFileType = file.xib; path = HonorTableViewCell.xib; sourceTree = "<group>"; };
		5C17A278242DD0E500D9F029 /* LICENSE */ = {isa = PBXFileReference; fileEncoding = 4; lastKnownFileType = text; path = LICENSE; sourceTree = "<group>"; };
		5C17A27A242DD0E500D9F029 /* UIScrollView+EmptyDataSet.m */ = {isa = PBXFileReference; fileEncoding = 4; lastKnownFileType = sourcecode.c.objc; path = "UIScrollView+EmptyDataSet.m"; sourceTree = "<group>"; };
		5C17A27B242DD0E500D9F029 /* UIScrollView+EmptyDataSet.h */ = {isa = PBXFileReference; fileEncoding = 4; lastKnownFileType = sourcecode.c.h; path = "UIScrollView+EmptyDataSet.h"; sourceTree = "<group>"; };
		5C17A27C242DD0E500D9F029 /* README.md */ = {isa = PBXFileReference; fileEncoding = 4; lastKnownFileType = net.daringfireball.markdown; path = README.md; sourceTree = "<group>"; };
		5C17A280242DD17600D9F029 /* UIScrollView+ConfigRefresh.m */ = {isa = PBXFileReference; fileEncoding = 4; lastKnownFileType = sourcecode.c.objc; path = "UIScrollView+ConfigRefresh.m"; sourceTree = "<group>"; };
		5C17A281242DD17600D9F029 /* UIScrollView+ConfigRefresh.h */ = {isa = PBXFileReference; fileEncoding = 4; lastKnownFileType = sourcecode.c.h; path = "UIScrollView+ConfigRefresh.h"; sourceTree = "<group>"; };
		5C17A284242DD21600D9F029 /* refresh_head_animation07@2x.png */ = {isa = PBXFileReference; lastKnownFileType = image.png; path = "refresh_head_animation07@2x.png"; sourceTree = "<group>"; };
		5C17A285242DD21600D9F029 /* refresh_head_animation09@3x.png */ = {isa = PBXFileReference; lastKnownFileType = image.png; path = "refresh_head_animation09@3x.png"; sourceTree = "<group>"; };
		5C17A286242DD21600D9F029 /* refresh_head_animation05@3x.png */ = {isa = PBXFileReference; lastKnownFileType = image.png; path = "refresh_head_animation05@3x.png"; sourceTree = "<group>"; };
		5C17A287242DD21600D9F029 /* refresh_head_animation05@2x.png */ = {isa = PBXFileReference; lastKnownFileType = image.png; path = "refresh_head_animation05@2x.png"; sourceTree = "<group>"; };
		5C17A288242DD21600D9F029 /* refresh_head_animation09@2x.png */ = {isa = PBXFileReference; lastKnownFileType = image.png; path = "refresh_head_animation09@2x.png"; sourceTree = "<group>"; };
		5C17A289242DD21600D9F029 /* refresh_head_animation07@3x.png */ = {isa = PBXFileReference; lastKnownFileType = image.png; path = "refresh_head_animation07@3x.png"; sourceTree = "<group>"; };
		5C17A28A242DD21600D9F029 /* refresh_head_animation11@3x.png */ = {isa = PBXFileReference; lastKnownFileType = image.png; path = "refresh_head_animation11@3x.png"; sourceTree = "<group>"; };
		5C17A28B242DD21600D9F029 /* refresh_head_animation03@3x.png */ = {isa = PBXFileReference; lastKnownFileType = image.png; path = "refresh_head_animation03@3x.png"; sourceTree = "<group>"; };
		5C17A28C242DD21600D9F029 /* refresh_head_animation01@2x.png */ = {isa = PBXFileReference; lastKnownFileType = image.png; path = "refresh_head_animation01@2x.png"; sourceTree = "<group>"; };
		5C17A28D242DD21600D9F029 /* refresh_head_animation01@3x.png */ = {isa = PBXFileReference; lastKnownFileType = image.png; path = "refresh_head_animation01@3x.png"; sourceTree = "<group>"; };
		5C17A28E242DD21600D9F029 /* refresh_head_animation03@2x.png */ = {isa = PBXFileReference; lastKnownFileType = image.png; path = "refresh_head_animation03@2x.png"; sourceTree = "<group>"; };
		5C17A28F242DD21600D9F029 /* refresh_head_animation11@2x.png */ = {isa = PBXFileReference; lastKnownFileType = image.png; path = "refresh_head_animation11@2x.png"; sourceTree = "<group>"; };
		5C17A290242DD21600D9F029 /* refresh_head_animation08@3x.png */ = {isa = PBXFileReference; lastKnownFileType = image.png; path = "refresh_head_animation08@3x.png"; sourceTree = "<group>"; };
		5C17A291242DD21600D9F029 /* refresh_head_animation04@3x.png */ = {isa = PBXFileReference; lastKnownFileType = image.png; path = "refresh_head_animation04@3x.png"; sourceTree = "<group>"; };
		5C17A292242DD21600D9F029 /* refresh_head_animation06@2x.png */ = {isa = PBXFileReference; lastKnownFileType = image.png; path = "refresh_head_animation06@2x.png"; sourceTree = "<group>"; };
		5C17A293242DD21600D9F029 /* refresh_head_animation06@3x.png */ = {isa = PBXFileReference; lastKnownFileType = image.png; path = "refresh_head_animation06@3x.png"; sourceTree = "<group>"; };
		5C17A294242DD21600D9F029 /* refresh_head_animation04@2x.png */ = {isa = PBXFileReference; lastKnownFileType = image.png; path = "refresh_head_animation04@2x.png"; sourceTree = "<group>"; };
		5C17A295242DD21600D9F029 /* refresh_head_animation08@2x.png */ = {isa = PBXFileReference; lastKnownFileType = image.png; path = "refresh_head_animation08@2x.png"; sourceTree = "<group>"; };
		5C17A296242DD21600D9F029 /* refresh_head_animation00@2x.png */ = {isa = PBXFileReference; lastKnownFileType = image.png; path = "refresh_head_animation00@2x.png"; sourceTree = "<group>"; };
		5C17A297242DD21600D9F029 /* refresh_head_animation10@3x.png */ = {isa = PBXFileReference; lastKnownFileType = image.png; path = "refresh_head_animation10@3x.png"; sourceTree = "<group>"; };
		5C17A298242DD21600D9F029 /* refresh_head_animation02@3x.png */ = {isa = PBXFileReference; lastKnownFileType = image.png; path = "refresh_head_animation02@3x.png"; sourceTree = "<group>"; };
		5C17A299242DD21600D9F029 /* refresh_head_animation02@2x.png */ = {isa = PBXFileReference; lastKnownFileType = image.png; path = "refresh_head_animation02@2x.png"; sourceTree = "<group>"; };
		5C17A29A242DD21600D9F029 /* refresh_head_animation10@2x.png */ = {isa = PBXFileReference; lastKnownFileType = image.png; path = "refresh_head_animation10@2x.png"; sourceTree = "<group>"; };
		5C17A29B242DD21600D9F029 /* refresh_head_animation00@3x.png */ = {isa = PBXFileReference; lastKnownFileType = image.png; path = "refresh_head_animation00@3x.png"; sourceTree = "<group>"; };
		5C17A2B4242DD25500D9F029 /* UIScrollView+HeaderScaleImage.h */ = {isa = PBXFileReference; fileEncoding = 4; lastKnownFileType = sourcecode.c.h; path = "UIScrollView+HeaderScaleImage.h"; sourceTree = "<group>"; };
		5C17A2B5242DD25500D9F029 /* UIScrollView+HeaderScaleImage.m */ = {isa = PBXFileReference; fileEncoding = 4; lastKnownFileType = sourcecode.c.objc; path = "UIScrollView+HeaderScaleImage.m"; sourceTree = "<group>"; };
		5C17A2BA242DD2A100D9F029 /* UICollectionView+ARDynamicCacheHeightLayoutCell.h */ = {isa = PBXFileReference; fileEncoding = 4; lastKnownFileType = sourcecode.c.h; path = "UICollectionView+ARDynamicCacheHeightLayoutCell.h"; sourceTree = "<group>"; };
		5C17A2BB242DD2A100D9F029 /* UICollectionView+ARDynamicCacheHeightLayoutCell.m */ = {isa = PBXFileReference; fileEncoding = 4; lastKnownFileType = sourcecode.c.objc; path = "UICollectionView+ARDynamicCacheHeightLayoutCell.m"; sourceTree = "<group>"; };
		5C17A2BD242DD46F00D9F029 /* NameListTableViewCell.h */ = {isa = PBXFileReference; lastKnownFileType = sourcecode.c.h; path = NameListTableViewCell.h; sourceTree = "<group>"; };
		5C17A2BE242DD46F00D9F029 /* NameListTableViewCell.m */ = {isa = PBXFileReference; lastKnownFileType = sourcecode.c.objc; path = NameListTableViewCell.m; sourceTree = "<group>"; };
		5C17A2BF242DD46F00D9F029 /* NameListTableViewCell.xib */ = {isa = PBXFileReference; lastKnownFileType = file.xib; path = NameListTableViewCell.xib; sourceTree = "<group>"; };
		5C4D52172429E686001AE779 /* Perdo.app */ = {isa = PBXFileReference; explicitFileType = wrapper.application; includeInIndex = 0; path = Perdo.app; sourceTree = BUILT_PRODUCTS_DIR; };
		5C4D521A2429E686001AE779 /* AppDelegate.h */ = {isa = PBXFileReference; lastKnownFileType = sourcecode.c.h; path = AppDelegate.h; sourceTree = "<group>"; };
		5C4D521B2429E686001AE779 /* AppDelegate.m */ = {isa = PBXFileReference; lastKnownFileType = sourcecode.c.objc; path = AppDelegate.m; sourceTree = "<group>"; };
		5C4D52262429E688001AE779 /* Assets.xcassets */ = {isa = PBXFileReference; lastKnownFileType = folder.assetcatalog; path = Assets.xcassets; sourceTree = "<group>"; };
		5C4D52292429E688001AE779 /* Base */ = {isa = PBXFileReference; lastKnownFileType = file.storyboard; name = Base; path = Base.lproj/LaunchScreen.storyboard; sourceTree = "<group>"; };
		5C4D522C2429E688001AE779 /* main.m */ = {isa = PBXFileReference; lastKnownFileType = sourcecode.c.objc; path = main.m; sourceTree = "<group>"; };
		5C4D52322429E688001AE779 /* PerdoTests.xctest */ = {isa = PBXFileReference; explicitFileType = wrapper.cfbundle; includeInIndex = 0; path = PerdoTests.xctest; sourceTree = BUILT_PRODUCTS_DIR; };
		5C4D52362429E688001AE779 /* PerdoTests.m */ = {isa = PBXFileReference; lastKnownFileType = sourcecode.c.objc; path = PerdoTests.m; sourceTree = "<group>"; };
		5C4D52382429E688001AE779 /* Info.plist */ = {isa = PBXFileReference; lastKnownFileType = text.plist.xml; path = Info.plist; sourceTree = "<group>"; };
		5C4D523D2429E688001AE779 /* PerdoUITests.xctest */ = {isa = PBXFileReference; explicitFileType = wrapper.cfbundle; includeInIndex = 0; path = PerdoUITests.xctest; sourceTree = BUILT_PRODUCTS_DIR; };
		5C4D52412429E688001AE779 /* PerdoUITests.m */ = {isa = PBXFileReference; lastKnownFileType = sourcecode.c.objc; path = PerdoUITests.m; sourceTree = "<group>"; };
		5C4D52432429E688001AE779 /* Info.plist */ = {isa = PBXFileReference; lastKnownFileType = text.plist.xml; path = Info.plist; sourceTree = "<group>"; };
		5C52B5EF242AF87100BE39DA /* RoleChoicesViewController.h */ = {isa = PBXFileReference; lastKnownFileType = sourcecode.c.h; path = RoleChoicesViewController.h; sourceTree = "<group>"; };
		5C52B5F0242AF87100BE39DA /* RoleChoicesViewController.m */ = {isa = PBXFileReference; lastKnownFileType = sourcecode.c.objc; path = RoleChoicesViewController.m; sourceTree = "<group>"; };
		5C52B5F1242AF87100BE39DA /* RoleChoicesViewController.xib */ = {isa = PBXFileReference; lastKnownFileType = file.xib; path = RoleChoicesViewController.xib; sourceTree = "<group>"; };
		5C52B5F4242B092400BE39DA /* StudentViewController.h */ = {isa = PBXFileReference; lastKnownFileType = sourcecode.c.h; path = StudentViewController.h; sourceTree = "<group>"; };
		5C52B5F5242B092400BE39DA /* StudentViewController.m */ = {isa = PBXFileReference; lastKnownFileType = sourcecode.c.objc; path = StudentViewController.m; sourceTree = "<group>"; };
		5C52B5F6242B092400BE39DA /* StudentViewController.xib */ = {isa = PBXFileReference; lastKnownFileType = file.xib; path = StudentViewController.xib; sourceTree = "<group>"; };
		5C52B5F9242B093600BE39DA /* TeacherViewController.h */ = {isa = PBXFileReference; lastKnownFileType = sourcecode.c.h; path = TeacherViewController.h; sourceTree = "<group>"; };
		5C52B5FA242B093600BE39DA /* TeacherViewController.m */ = {isa = PBXFileReference; lastKnownFileType = sourcecode.c.objc; path = TeacherViewController.m; sourceTree = "<group>"; };
		5C52B5FB242B093600BE39DA /* TeacherViewController.xib */ = {isa = PBXFileReference; lastKnownFileType = file.xib; path = TeacherViewController.xib; sourceTree = "<group>"; };
		5C52B5FF242B0B6600BE39DA /* UITableViewCell+PDLineSpace.h */ = {isa = PBXFileReference; fileEncoding = 4; lastKnownFileType = sourcecode.c.h; path = "UITableViewCell+PDLineSpace.h"; sourceTree = "<group>"; };
		5C52B600242B0B6600BE39DA /* UIViewController+PDNavigationItem.m */ = {isa = PBXFileReference; fileEncoding = 4; lastKnownFileType = sourcecode.c.objc; path = "UIViewController+PDNavigationItem.m"; sourceTree = "<group>"; };
		5C52B601242B0B6600BE39DA /* UIViewController+PDNavigationItem.h */ = {isa = PBXFileReference; fileEncoding = 4; lastKnownFileType = sourcecode.c.h; path = "UIViewController+PDNavigationItem.h"; sourceTree = "<group>"; };
		5C52B602242B0B6600BE39DA /* UITableViewCell+PDLineSpace.m */ = {isa = PBXFileReference; fileEncoding = 4; lastKnownFileType = sourcecode.c.objc; path = "UITableViewCell+PDLineSpace.m"; sourceTree = "<group>"; };
		5C52B60A242C992700BE39DA /* IndexViewController.xib */ = {isa = PBXFileReference; lastKnownFileType = file.xib; path = IndexViewController.xib; sourceTree = "<group>"; };
		5C55A3AF2432DCD0005E48FA /* HomeworkTableViewCell.h */ = {isa = PBXFileReference; lastKnownFileType = sourcecode.c.h; path = HomeworkTableViewCell.h; sourceTree = "<group>"; };
		5C55A3B02432DCD0005E48FA /* HomeworkTableViewCell.m */ = {isa = PBXFileReference; lastKnownFileType = sourcecode.c.objc; path = HomeworkTableViewCell.m; sourceTree = "<group>"; };
		5C55A3B12432DCD0005E48FA /* HomeworkTableViewCell.xib */ = {isa = PBXFileReference; lastKnownFileType = file.xib; path = HomeworkTableViewCell.xib; sourceTree = "<group>"; };
		5C55A3BA24330D40005E48FA /* CourseChoseButton.h */ = {isa = PBXFileReference; lastKnownFileType = sourcecode.c.h; path = CourseChoseButton.h; sourceTree = "<group>"; };
		5C55A3BB24330D40005E48FA /* CourseChoseButton.m */ = {isa = PBXFileReference; lastKnownFileType = sourcecode.c.objc; path = CourseChoseButton.m; sourceTree = "<group>"; };
		83077C5A823C3868132D4C1D /* Pods-Perdo.debug.xcconfig */ = {isa = PBXFileReference; includeInIndex = 1; lastKnownFileType = text.xcconfig; name = "Pods-Perdo.debug.xcconfig"; path = "Target Support Files/Pods-Perdo/Pods-Perdo.debug.xcconfig"; sourceTree = "<group>"; };
		A6B42605BDFF777BE77139DE /* Pods-Perdo.release.xcconfig */ = {isa = PBXFileReference; includeInIndex = 1; lastKnownFileType = text.xcconfig; name = "Pods-Perdo.release.xcconfig"; path = "Target Support Files/Pods-Perdo/Pods-Perdo.release.xcconfig"; sourceTree = "<group>"; };
/* End PBXFileReference section */

/* Begin PBXFrameworksBuildPhase section */
		5C4D52142429E686001AE779 /* Frameworks */ = {
			isa = PBXFrameworksBuildPhase;
			buildActionMask = 2147483647;
			files = (
				7D3AD381AB27F9356A453508 /* Pods_Perdo.framework in Frameworks */,
			);
			runOnlyForDeploymentPostprocessing = 0;
		};
		5C4D522F2429E688001AE779 /* Frameworks */ = {
			isa = PBXFrameworksBuildPhase;
			buildActionMask = 2147483647;
			files = (
			);
			runOnlyForDeploymentPostprocessing = 0;
		};
		5C4D523A2429E688001AE779 /* Frameworks */ = {
			isa = PBXFrameworksBuildPhase;
			buildActionMask = 2147483647;
			files = (
			);
			runOnlyForDeploymentPostprocessing = 0;
		};
/* End PBXFrameworksBuildPhase section */

/* Begin PBXGroup section */
		2A64F4CF57B1DF8758CBC493 /* Pods */ = {
			isa = PBXGroup;
			children = (
				83077C5A823C3868132D4C1D /* Pods-Perdo.debug.xcconfig */,
				A6B42605BDFF777BE77139DE /* Pods-Perdo.release.xcconfig */,
			);
			path = Pods;
			sourceTree = "<group>";
		};
		3CA380246EB148D2735719AD /* Frameworks */ = {
			isa = PBXGroup;
			children = (
				0F585664F33D16024D59559C /* Pods_Perdo.framework */,
			);
			name = Frameworks;
			sourceTree = "<group>";
		};
		5C0404922429E8D000C80A68 /* Pages */ = {
			isa = PBXGroup;
			children = (
				5C04050C2429FBE700C80A68 /* Login */,
				5C0404BB2429EEB500C80A68 /* Index */,
				5C0404AF2429EEB500C80A68 /* Class */,
				5C0404B52429EEB500C80A68 /* Exercise */,
				5C0404C72429EEB500C80A68 /* MailList */,
				5C0404C12429EEB500C80A68 /* Mine */,
			);
			path = Pages;
			sourceTree = "<group>";
		};
		5C0404932429E8D900C80A68 /* Config */ = {
			isa = PBXGroup;
			children = (
				5C0404D42429EEE100C80A68 /* Macro */,
				5C0404D22429EEE100C80A68 /* APPHelper.h */,
				5C0404D32429EEE100C80A68 /* APPHelper.m */,
				5C0404AA2429EE9B00C80A68 /* MainNavController.h */,
				5C0404AB2429EE9B00C80A68 /* MainNavController.m */,
				5C0404A92429EE9B00C80A68 /* MainTabBarController.h */,
				5C0404AC2429EE9B00C80A68 /* MainTabBarController.m */,
			);
			path = Config;
			sourceTree = "<group>";
		};
		5C0404942429E8E200C80A68 /* Tools */ = {
			isa = PBXGroup;
			children = (
				5C17A277242DD0E500D9F029 /* DZNEmptyDataSet */,
				5C17A255242D980F00D9F029 /* ZJScrollPageView */,
				5C52B5FE242B0B6600BE39DA /* Categories */,
				5C0404D92429EF0100C80A68 /* Extension */,
			);
			path = Tools;
			sourceTree = "<group>";
		};
		5C0404952429E8EF00C80A68 /* Source */ = {
			isa = PBXGroup;
			children = (
				5C17A283242DD21600D9F029 /* refresh_head_animation */,
				5C4D52262429E688001AE779 /* Assets.xcassets */,
			);
			path = Source;
			sourceTree = "<group>";
		};
		5C0404962429E8F800C80A68 /* SpportingFiles */ = {
			isa = PBXGroup;
			children = (
				5C0404A12429EDDA00C80A68 /* perdo_Info.plist */,
				5C4D52282429E688001AE779 /* LaunchScreen.storyboard */,
				5C4D522C2429E688001AE779 /* main.m */,
				5C04050B2429EF1E00C80A68 /* PchFile.pch */,
			);
			path = SpportingFiles;
			sourceTree = "<group>";
		};
		5C0404AF2429EEB500C80A68 /* Class */ = {
			isa = PBXGroup;
			children = (
				5C0404B02429EEB500C80A68 /* Controller */,
				5C0404B32429EEB500C80A68 /* Model */,
				5C0404B42429EEB500C80A68 /* View */,
			);
			path = Class;
			sourceTree = "<group>";
		};
		5C0404B02429EEB500C80A68 /* Controller */ = {
			isa = PBXGroup;
			children = (
				5C0404B22429EEB500C80A68 /* ClassViewController.h */,
				5C0404B12429EEB500C80A68 /* ClassViewController.m */,
				5C17A26C242D99E900D9F029 /* HonorViewController.h */,
				5C17A26D242D99E900D9F029 /* HonorViewController.m */,
				5C17A26F242D9A0F00D9F029 /* NameListViewController.h */,
				5C17A270242D9A0F00D9F029 /* NameListViewController.m */,
			);
			path = Controller;
			sourceTree = "<group>";
		};
		5C0404B32429EEB500C80A68 /* Model */ = {
			isa = PBXGroup;
			children = (
			);
			path = Model;
			sourceTree = "<group>";
		};
		5C0404B42429EEB500C80A68 /* View */ = {
			isa = PBXGroup;
			children = (
				5C17A272242DD08E00D9F029 /* HonorTableViewCell.h */,
				5C17A273242DD08E00D9F029 /* HonorTableViewCell.m */,
				5C17A274242DD08E00D9F029 /* HonorTableViewCell.xib */,
				5C17A2BD242DD46F00D9F029 /* NameListTableViewCell.h */,
				5C17A2BE242DD46F00D9F029 /* NameListTableViewCell.m */,
				5C17A2BF242DD46F00D9F029 /* NameListTableViewCell.xib */,
			);
			path = View;
			sourceTree = "<group>";
		};
		5C0404B52429EEB500C80A68 /* Exercise */ = {
			isa = PBXGroup;
			children = (
				5C0404B62429EEB500C80A68 /* Controller */,
				5C0404B92429EEB500C80A68 /* Model */,
				5C0404BA2429EEB500C80A68 /* View */,
			);
			path = Exercise;
			sourceTree = "<group>";
		};
		5C0404B62429EEB500C80A68 /* Controller */ = {
			isa = PBXGroup;
			children = (
				5C0404B72429EEB500C80A68 /* ExerciseViewController.h */,
				5C0404B82429EEB500C80A68 /* ExerciseViewController.m */,
			);
			path = Controller;
			sourceTree = "<group>";
		};
		5C0404B92429EEB500C80A68 /* Model */ = {
			isa = PBXGroup;
			children = (
			);
			path = Model;
			sourceTree = "<group>";
		};
		5C0404BA2429EEB500C80A68 /* View */ = {
			isa = PBXGroup;
			children = (
				5C55A3BA24330D40005E48FA /* CourseChoseButton.h */,
				5C55A3BB24330D40005E48FA /* CourseChoseButton.m */,
				5C55A3AF2432DCD0005E48FA /* HomeworkTableViewCell.h */,
				5C55A3B02432DCD0005E48FA /* HomeworkTableViewCell.m */,
				5C55A3B12432DCD0005E48FA /* HomeworkTableViewCell.xib */,
			);
			path = View;
			sourceTree = "<group>";
		};
		5C0404BB2429EEB500C80A68 /* Index */ = {
			isa = PBXGroup;
			children = (
				5C0404BC2429EEB500C80A68 /* Controller */,
				5C0404BF2429EEB500C80A68 /* Model */,
				5C0404C02429EEB500C80A68 /* View */,
			);
			path = Index;
			sourceTree = "<group>";
		};
		5C0404BC2429EEB500C80A68 /* Controller */ = {
			isa = PBXGroup;
			children = (
				5C0404BD2429EEB500C80A68 /* IndexViewController.h */,
				5C0404BE2429EEB500C80A68 /* IndexViewController.m */,
				5C52B60A242C992700BE39DA /* IndexViewController.xib */,
			);
			path = Controller;
			sourceTree = "<group>";
		};
		5C0404BF2429EEB500C80A68 /* Model */ = {
			isa = PBXGroup;
			children = (
			);
			path = Model;
			sourceTree = "<group>";
		};
		5C0404C02429EEB500C80A68 /* View */ = {
			isa = PBXGroup;
			children = (
				5C17A24B242CA82600D9F029 /* CustomAlertThreeView.h */,
				5C17A24C242CA82600D9F029 /* CustomAlertThreeView.m */,
				5C17A24E242CA84700D9F029 /* CustomAlertThreeView.xib */,
				5C17A250242CA86600D9F029 /* CustomAlertFourView.h */,
				5C17A251242CA86600D9F029 /* CustomAlertFourView.m */,
				5C17A253242CA87000D9F029 /* CustomAlertFourView.xib */,
			);
			path = View;
			sourceTree = "<group>";
		};
		5C0404C12429EEB500C80A68 /* Mine */ = {
			isa = PBXGroup;
			children = (
				5C0404C22429EEB500C80A68 /* Controller */,
				5C0404C52429EEB500C80A68 /* Model */,
				5C0404C62429EEB500C80A68 /* View */,
			);
			path = Mine;
			sourceTree = "<group>";
		};
		5C0404C22429EEB500C80A68 /* Controller */ = {
			isa = PBXGroup;
			children = (
				5C0404C32429EEB500C80A68 /* MineViewController.h */,
				5C0404C42429EEB500C80A68 /* MineViewController.m */,
			);
			path = Controller;
			sourceTree = "<group>";
		};
		5C0404C52429EEB500C80A68 /* Model */ = {
			isa = PBXGroup;
			children = (
			);
			path = Model;
			sourceTree = "<group>";
		};
		5C0404C62429EEB500C80A68 /* View */ = {
			isa = PBXGroup;
			children = (
			);
			path = View;
			sourceTree = "<group>";
		};
		5C0404C72429EEB500C80A68 /* MailList */ = {
			isa = PBXGroup;
			children = (
				5C0404C82429EEB500C80A68 /* Controller */,
				5C0404CB2429EEB500C80A68 /* Model */,
				5C0404CC2429EEB500C80A68 /* View */,
			);
			path = MailList;
			sourceTree = "<group>";
		};
		5C0404C82429EEB500C80A68 /* Controller */ = {
			isa = PBXGroup;
			children = (
				5C0404CA2429EEB500C80A68 /* MailListViewController.h */,
				5C0404C92429EEB500C80A68 /* MailListViewController.m */,
			);
			path = Controller;
			sourceTree = "<group>";
		};
		5C0404CB2429EEB500C80A68 /* Model */ = {
			isa = PBXGroup;
			children = (
			);
			path = Model;
			sourceTree = "<group>";
		};
		5C0404CC2429EEB500C80A68 /* View */ = {
			isa = PBXGroup;
			children = (
			);
			path = View;
			sourceTree = "<group>";
		};
		5C0404D42429EEE100C80A68 /* Macro */ = {
			isa = PBXGroup;
			children = (
				5C0404D52429EEE100C80A68 /* CommonMacro.h */,
				5C0404D62429EEE100C80A68 /* FontMacro.h */,
				5C0404D72429EEE100C80A68 /* ColorMacro.h */,
			);
			path = Macro;
			sourceTree = "<group>";
		};
		5C0404D92429EF0100C80A68 /* Extension */ = {
			isa = PBXGroup;
			children = (
				5C0404DA2429EF0100C80A68 /* UIImage */,
				5C0404DF2429EF0100C80A68 /* UIViewController+AddCommenNotify.h */,
				5C0404F02429EF0100C80A68 /* UIViewController+AddCommenNotify.m */,
				5C17A281242DD17600D9F029 /* UIScrollView+ConfigRefresh.h */,
				5C17A280242DD17600D9F029 /* UIScrollView+ConfigRefresh.m */,
				5C0404E12429EF0100C80A68 /* UIImageView+CornerRadius.h */,
				5C0404E92429EF0100C80A68 /* UIImageView+CornerRadius.m */,
				5C0404E32429EF0100C80A68 /* NSArray+CheckSP.h */,
				5C0404F22429EF0100C80A68 /* NSArray+CheckSP.m */,
				5C0404E42429EF0100C80A68 /* UIView+SNFoundation.h */,
				5C0404F32429EF0100C80A68 /* UIView+SNFoundation.m */,
				5C17A2B4242DD25500D9F029 /* UIScrollView+HeaderScaleImage.h */,
				5C17A2B5242DD25500D9F029 /* UIScrollView+HeaderScaleImage.m */,
				5C17A2BA242DD2A100D9F029 /* UICollectionView+ARDynamicCacheHeightLayoutCell.h */,
				5C17A2BB242DD2A100D9F029 /* UICollectionView+ARDynamicCacheHeightLayoutCell.m */,
				5C0404EA2429EF0100C80A68 /* Nav */,
				5C0404F42429EF0100C80A68 /* AFNetworking+RetryPolicy */,
			);
			path = Extension;
			sourceTree = "<group>";
		};
		5C0404DA2429EF0100C80A68 /* UIImage */ = {
			isa = PBXGroup;
			children = (
				5C0404DB2429EF0100C80A68 /* UIImage+Compress.m */,
				5C0404DC2429EF0100C80A68 /* BEEGIFImageSerialization.m */,
				5C0404DD2429EF0100C80A68 /* UIImage+Compress.h */,
				5C0404DE2429EF0100C80A68 /* BEEGIFImageSerialization.h */,
			);
			path = UIImage;
			sourceTree = "<group>";
		};
		5C0404EA2429EF0100C80A68 /* Nav */ = {
			isa = PBXGroup;
			children = (
				5C0404EB2429EF0100C80A68 /* UINavigationController+FDFullscreenPopGesture.h */,
				5C0404EC2429EF0100C80A68 /* UINavigationBar+Awesome.h */,
				5C0404ED2429EF0100C80A68 /* UINavigationController+FDFullscreenPopGesture.m */,
				5C0404EE2429EF0100C80A68 /* UINavigationBar+Awesome.m */,
			);
			path = Nav;
			sourceTree = "<group>";
		};
		5C0404F42429EF0100C80A68 /* AFNetworking+RetryPolicy */ = {
			isa = PBXGroup;
			children = (
				5C0404F52429EF0100C80A68 /* ObjcAssociatedObjectHelpers.h */,
				5C0404F62429EF0100C80A68 /* AFHTTPSessionManager+RetryPolicy.m */,
				5C0404F72429EF0100C80A68 /* NSObject+AssociatedDictionary.m */,
				5C0404F82429EF0100C80A68 /* ObjcAssociatedObjectHelpers.m */,
				5C0404F92429EF0100C80A68 /* NSObject+AssociatedDictionary.h */,
				5C0404FA2429EF0100C80A68 /* AFHTTPSessionManager+RetryPolicy.h */,
			);
			path = "AFNetworking+RetryPolicy";
			sourceTree = "<group>";
		};
		5C04050C2429FBE700C80A68 /* Login */ = {
			isa = PBXGroup;
			children = (
				5C04050D2429FC0A00C80A68 /* Controller */,
				5C04050E2429FC2000C80A68 /* Model */,
				5C04050F2429FC2700C80A68 /* View */,
			);
			path = Login;
			sourceTree = "<group>";
		};
		5C04050D2429FC0A00C80A68 /* Controller */ = {
			isa = PBXGroup;
			children = (
				5C0405152429FCE400C80A68 /* PhoneLoginViewController.h */,
				5C0405132429FCE300C80A68 /* PhoneLoginViewController.m */,
				5C0405142429FCE300C80A68 /* PhoneLoginViewController.xib */,
				5C52B5EF242AF87100BE39DA /* RoleChoicesViewController.h */,
				5C52B5F0242AF87100BE39DA /* RoleChoicesViewController.m */,
				5C52B5F1242AF87100BE39DA /* RoleChoicesViewController.xib */,
				5C52B5F4242B092400BE39DA /* StudentViewController.h */,
				5C52B5F5242B092400BE39DA /* StudentViewController.m */,
				5C52B5F6242B092400BE39DA /* StudentViewController.xib */,
				5C52B5F9242B093600BE39DA /* TeacherViewController.h */,
				5C52B5FA242B093600BE39DA /* TeacherViewController.m */,
				5C52B5FB242B093600BE39DA /* TeacherViewController.xib */,
			);
			path = Controller;
			sourceTree = "<group>";
		};
		5C04050E2429FC2000C80A68 /* Model */ = {
			isa = PBXGroup;
			children = (
				5C0405112429FC6500C80A68 /* MemberInfoModel.h */,
				5C0405102429FC6400C80A68 /* MemberInfoModel.m */,
			);
			path = Model;
			sourceTree = "<group>";
		};
		5C04050F2429FC2700C80A68 /* View */ = {
			isa = PBXGroup;
			children = (
				5C04051B2429FDFE00C80A68 /* AuthCodeView */,
				5C0405182429FDFD00C80A68 /* ProtocolLabel */,
			);
			path = View;
			sourceTree = "<group>";
		};
		5C0405182429FDFD00C80A68 /* ProtocolLabel */ = {
			isa = PBXGroup;
			children = (
				5C04051A2429FDFD00C80A68 /* ProtocolLabel.h */,
				5C0405192429FDFD00C80A68 /* ProtocolLabel.m */,
			);
			path = ProtocolLabel;
			sourceTree = "<group>";
		};
		5C04051B2429FDFE00C80A68 /* AuthCodeView */ = {
			isa = PBXGroup;
			children = (
				5C04051C2429FDFE00C80A68 /* AuthCodeView.h */,
				5C04051D2429FDFE00C80A68 /* AuthCodeView.m */,
			);
			path = AuthCodeView;
			sourceTree = "<group>";
		};
		5C17A255242D980F00D9F029 /* ZJScrollPageView */ = {
			isa = PBXGroup;
			children = (
				5C17A256242D980F00D9F029 /* ZJContentView.h */,
				5C17A257242D980F00D9F029 /* UIView+ZJFrame.m */,
				5C17A258242D980F00D9F029 /* ZJScrollSegmentView.h */,
				5C17A259242D980F00D9F029 /* ZJScrollPageViewDelegate.h */,
				5C17A25A242D980F00D9F029 /* ZJSegmentStyle.h */,
				5C17A25B242D980F00D9F029 /* ZJTitleView.m */,
				5C17A25C242D980F00D9F029 /* UIViewController+ZJScrollPageController.m */,
				5C17A25D242D980F00D9F029 /* ZJScrollPageView.h */,
				5C17A25E242D980F00D9F029 /* UIView+ZJFrame.h */,
				5C17A25F242D980F00D9F029 /* ZJContentView.m */,
				5C17A260242D980F00D9F029 /* ZJSegmentStyle.m */,
				5C17A261242D980F00D9F029 /* ZJScrollSegmentView.m */,
				5C17A262242D980F00D9F029 /* ZJScrollPageView.m */,
				5C17A263242D980F00D9F029 /* UIViewController+ZJScrollPageController.h */,
				5C17A264242D980F00D9F029 /* ZJTitleView.h */,
			);
			path = ZJScrollPageView;
			sourceTree = "<group>";
		};
		5C17A277242DD0E500D9F029 /* DZNEmptyDataSet */ = {
			isa = PBXGroup;
			children = (
				5C17A278242DD0E500D9F029 /* LICENSE */,
				5C17A279242DD0E500D9F029 /* Source */,
				5C17A27C242DD0E500D9F029 /* README.md */,
			);
			path = DZNEmptyDataSet;
			sourceTree = "<group>";
		};
		5C17A279242DD0E500D9F029 /* Source */ = {
			isa = PBXGroup;
			children = (
				5C17A27A242DD0E500D9F029 /* UIScrollView+EmptyDataSet.m */,
				5C17A27B242DD0E500D9F029 /* UIScrollView+EmptyDataSet.h */,
			);
			path = Source;
			sourceTree = "<group>";
		};
		5C17A283242DD21600D9F029 /* refresh_head_animation */ = {
			isa = PBXGroup;
			children = (
				5C17A284242DD21600D9F029 /* refresh_head_animation07@2x.png */,
				5C17A285242DD21600D9F029 /* refresh_head_animation09@3x.png */,
				5C17A286242DD21600D9F029 /* refresh_head_animation05@3x.png */,
				5C17A287242DD21600D9F029 /* refresh_head_animation05@2x.png */,
				5C17A288242DD21600D9F029 /* refresh_head_animation09@2x.png */,
				5C17A289242DD21600D9F029 /* refresh_head_animation07@3x.png */,
				5C17A28A242DD21600D9F029 /* refresh_head_animation11@3x.png */,
				5C17A28B242DD21600D9F029 /* refresh_head_animation03@3x.png */,
				5C17A28C242DD21600D9F029 /* refresh_head_animation01@2x.png */,
				5C17A28D242DD21600D9F029 /* refresh_head_animation01@3x.png */,
				5C17A28E242DD21600D9F029 /* refresh_head_animation03@2x.png */,
				5C17A28F242DD21600D9F029 /* refresh_head_animation11@2x.png */,
				5C17A290242DD21600D9F029 /* refresh_head_animation08@3x.png */,
				5C17A291242DD21600D9F029 /* refresh_head_animation04@3x.png */,
				5C17A292242DD21600D9F029 /* refresh_head_animation06@2x.png */,
				5C17A293242DD21600D9F029 /* refresh_head_animation06@3x.png */,
				5C17A294242DD21600D9F029 /* refresh_head_animation04@2x.png */,
				5C17A295242DD21600D9F029 /* refresh_head_animation08@2x.png */,
				5C17A296242DD21600D9F029 /* refresh_head_animation00@2x.png */,
				5C17A297242DD21600D9F029 /* refresh_head_animation10@3x.png */,
				5C17A298242DD21600D9F029 /* refresh_head_animation02@3x.png */,
				5C17A299242DD21600D9F029 /* refresh_head_animation02@2x.png */,
				5C17A29A242DD21600D9F029 /* refresh_head_animation10@2x.png */,
				5C17A29B242DD21600D9F029 /* refresh_head_animation00@3x.png */,
			);
			path = refresh_head_animation;
			sourceTree = "<group>";
		};
		5C4D520E2429E686001AE779 = {
			isa = PBXGroup;
			children = (
				5C4D52192429E686001AE779 /* Perdo */,
				5C4D52352429E688001AE779 /* PerdoTests */,
				5C4D52402429E688001AE779 /* PerdoUITests */,
				5C4D52182429E686001AE779 /* Products */,
				2A64F4CF57B1DF8758CBC493 /* Pods */,
				3CA380246EB148D2735719AD /* Frameworks */,
			);
			sourceTree = "<group>";
		};
		5C4D52182429E686001AE779 /* Products */ = {
			isa = PBXGroup;
			children = (
				5C4D52172429E686001AE779 /* Perdo.app */,
				5C4D52322429E688001AE779 /* PerdoTests.xctest */,
				5C4D523D2429E688001AE779 /* PerdoUITests.xctest */,
			);
			name = Products;
			sourceTree = "<group>";
		};
		5C4D52192429E686001AE779 /* Perdo */ = {
			isa = PBXGroup;
			children = (
				5C4D521A2429E686001AE779 /* AppDelegate.h */,
				5C4D521B2429E686001AE779 /* AppDelegate.m */,
				5C0404922429E8D000C80A68 /* Pages */,
				5C0404932429E8D900C80A68 /* Config */,
				5C0404942429E8E200C80A68 /* Tools */,
				5C0404952429E8EF00C80A68 /* Source */,
				5C0404962429E8F800C80A68 /* SpportingFiles */,
			);
			path = Perdo;
			sourceTree = "<group>";
		};
		5C4D52352429E688001AE779 /* PerdoTests */ = {
			isa = PBXGroup;
			children = (
				5C4D52362429E688001AE779 /* PerdoTests.m */,
				5C4D52382429E688001AE779 /* Info.plist */,
			);
			path = PerdoTests;
			sourceTree = "<group>";
		};
		5C4D52402429E688001AE779 /* PerdoUITests */ = {
			isa = PBXGroup;
			children = (
				5C4D52412429E688001AE779 /* PerdoUITests.m */,
				5C4D52432429E688001AE779 /* Info.plist */,
			);
			path = PerdoUITests;
			sourceTree = "<group>";
		};
		5C52B5FE242B0B6600BE39DA /* Categories */ = {
			isa = PBXGroup;
			children = (
				5C52B601242B0B6600BE39DA /* UIViewController+PDNavigationItem.h */,
				5C52B600242B0B6600BE39DA /* UIViewController+PDNavigationItem.m */,
				5C52B5FF242B0B6600BE39DA /* UITableViewCell+PDLineSpace.h */,
				5C52B602242B0B6600BE39DA /* UITableViewCell+PDLineSpace.m */,
			);
			path = Categories;
			sourceTree = "<group>";
		};
/* End PBXGroup section */

/* Begin PBXNativeTarget section */
		5C4D52162429E686001AE779 /* Perdo */ = {
			isa = PBXNativeTarget;
			buildConfigurationList = 5C4D52462429E688001AE779 /* Build configuration list for PBXNativeTarget "Perdo" */;
			buildPhases = (
				5B9F9762F1D36B332E18F0BB /* [CP] Check Pods Manifest.lock */,
				5C4D52132429E686001AE779 /* Sources */,
				5C4D52142429E686001AE779 /* Frameworks */,
				5C4D52152429E686001AE779 /* Resources */,
				6D9880248839ABE8A7D72DBB /* [CP] Embed Pods Frameworks */,
			);
			buildRules = (
			);
			dependencies = (
			);
			name = Perdo;
			productName = Perdo;
			productReference = 5C4D52172429E686001AE779 /* Perdo.app */;
			productType = "com.apple.product-type.application";
		};
		5C4D52312429E688001AE779 /* PerdoTests */ = {
			isa = PBXNativeTarget;
			buildConfigurationList = 5C4D52492429E688001AE779 /* Build configuration list for PBXNativeTarget "PerdoTests" */;
			buildPhases = (
				5C4D522E2429E688001AE779 /* Sources */,
				5C4D522F2429E688001AE779 /* Frameworks */,
				5C4D52302429E688001AE779 /* Resources */,
			);
			buildRules = (
			);
			dependencies = (
				5C4D52342429E688001AE779 /* PBXTargetDependency */,
			);
			name = PerdoTests;
			productName = PerdoTests;
			productReference = 5C4D52322429E688001AE779 /* PerdoTests.xctest */;
			productType = "com.apple.product-type.bundle.unit-test";
		};
		5C4D523C2429E688001AE779 /* PerdoUITests */ = {
			isa = PBXNativeTarget;
			buildConfigurationList = 5C4D524C2429E688001AE779 /* Build configuration list for PBXNativeTarget "PerdoUITests" */;
			buildPhases = (
				5C4D52392429E688001AE779 /* Sources */,
				5C4D523A2429E688001AE779 /* Frameworks */,
				5C4D523B2429E688001AE779 /* Resources */,
			);
			buildRules = (
			);
			dependencies = (
				5C4D523F2429E688001AE779 /* PBXTargetDependency */,
			);
			name = PerdoUITests;
			productName = PerdoUITests;
			productReference = 5C4D523D2429E688001AE779 /* PerdoUITests.xctest */;
			productType = "com.apple.product-type.bundle.ui-testing";
		};
/* End PBXNativeTarget section */

/* Begin PBXProject section */
		5C4D520F2429E686001AE779 /* Project object */ = {
			isa = PBXProject;
			attributes = {
				LastUpgradeCheck = 1130;
				ORGANIZATIONNAME = Perdo;
				TargetAttributes = {
					5C4D52162429E686001AE779 = {
						CreatedOnToolsVersion = 11.3.1;
					};
					5C4D52312429E688001AE779 = {
						CreatedOnToolsVersion = 11.3.1;
						TestTargetID = 5C4D52162429E686001AE779;
					};
					5C4D523C2429E688001AE779 = {
						CreatedOnToolsVersion = 11.3.1;
						TestTargetID = 5C4D52162429E686001AE779;
					};
				};
			};
			buildConfigurationList = 5C4D52122429E686001AE779 /* Build configuration list for PBXProject "Perdo" */;
			compatibilityVersion = "Xcode 9.3";
			developmentRegion = en;
			hasScannedForEncodings = 0;
			knownRegions = (
				en,
				Base,
			);
			mainGroup = 5C4D520E2429E686001AE779;
			productRefGroup = 5C4D52182429E686001AE779 /* Products */;
			projectDirPath = "";
			projectRoot = "";
			targets = (
				5C4D52162429E686001AE779 /* Perdo */,
				5C4D52312429E688001AE779 /* PerdoTests */,
				5C4D523C2429E688001AE779 /* PerdoUITests */,
			);
		};
/* End PBXProject section */

/* Begin PBXResourcesBuildPhase section */
		5C4D52152429E686001AE779 /* Resources */ = {
			isa = PBXResourcesBuildPhase;
			buildActionMask = 2147483647;
			files = (
				5C17A276242DD08E00D9F029 /* HonorTableViewCell.xib in Resources */,
				5C17A29E242DD21600D9F029 /* refresh_head_animation05@3x.png in Resources */,
				5C17A2A9242DD21600D9F029 /* refresh_head_animation04@3x.png in Resources */,
				5C17A2A2242DD21600D9F029 /* refresh_head_animation11@3x.png in Resources */,
				5C17A29F242DD21600D9F029 /* refresh_head_animation05@2x.png in Resources */,
				5C17A254242CA87000D9F029 /* CustomAlertFourView.xib in Resources */,
				5C17A2B3242DD21600D9F029 /* refresh_head_animation00@3x.png in Resources */,
				5C52B60B242C992700BE39DA /* IndexViewController.xib in Resources */,
				5C17A24F242CA84700D9F029 /* CustomAlertThreeView.xib in Resources */,
				5C17A2B0242DD21600D9F029 /* refresh_head_animation02@3x.png in Resources */,
				5C17A27F242DD0E500D9F029 /* README.md in Resources */,
				5C17A2AC242DD21600D9F029 /* refresh_head_animation04@2x.png in Resources */,
				5C17A2AA242DD21600D9F029 /* refresh_head_animation06@2x.png in Resources */,
				5C17A2B2242DD21600D9F029 /* refresh_head_animation10@2x.png in Resources */,
				5C17A2A8242DD21600D9F029 /* refresh_head_animation08@3x.png in Resources */,
				5C0404A22429EDDA00C80A68 /* perdo_Info.plist in Resources */,
				5C17A29C242DD21600D9F029 /* refresh_head_animation07@2x.png in Resources */,
				5C17A2A7242DD21600D9F029 /* refresh_head_animation11@2x.png in Resources */,
				5C17A2B1242DD21600D9F029 /* refresh_head_animation02@2x.png in Resources */,
				5C55A3B32432DCD0005E48FA /* HomeworkTableViewCell.xib in Resources */,
				5C17A2AB242DD21600D9F029 /* refresh_head_animation06@3x.png in Resources */,
				5C17A2AD242DD21600D9F029 /* refresh_head_animation08@2x.png in Resources */,
				5C4D522A2429E688001AE779 /* LaunchScreen.storyboard in Resources */,
				5C17A2A0242DD21600D9F029 /* refresh_head_animation09@2x.png in Resources */,
				5C17A2A5242DD21600D9F029 /* refresh_head_animation01@3x.png in Resources */,
				5C17A2A3242DD21600D9F029 /* refresh_head_animation03@3x.png in Resources */,
				5C17A27D242DD0E500D9F029 /* LICENSE in Resources */,
				5C17A2A4242DD21600D9F029 /* refresh_head_animation01@2x.png in Resources */,
				5C52B5F8242B092400BE39DA /* StudentViewController.xib in Resources */,
				5C17A2C1242DD46F00D9F029 /* NameListTableViewCell.xib in Resources */,
				5C52B5F3242AF87100BE39DA /* RoleChoicesViewController.xib in Resources */,
				5C52B5FD242B093600BE39DA /* TeacherViewController.xib in Resources */,
				5C17A2AF242DD21600D9F029 /* refresh_head_animation10@3x.png in Resources */,
				5C17A29D242DD21600D9F029 /* refresh_head_animation09@3x.png in Resources */,
				5C17A2AE242DD21600D9F029 /* refresh_head_animation00@2x.png in Resources */,
				5C4D52272429E688001AE779 /* Assets.xcassets in Resources */,
				5C17A2A1242DD21600D9F029 /* refresh_head_animation07@3x.png in Resources */,
				5C17A2A6242DD21600D9F029 /* refresh_head_animation03@2x.png in Resources */,
				5C0405172429FCE400C80A68 /* PhoneLoginViewController.xib in Resources */,
			);
			runOnlyForDeploymentPostprocessing = 0;
		};
		5C4D52302429E688001AE779 /* Resources */ = {
			isa = PBXResourcesBuildPhase;
			buildActionMask = 2147483647;
			files = (
			);
			runOnlyForDeploymentPostprocessing = 0;
		};
		5C4D523B2429E688001AE779 /* Resources */ = {
			isa = PBXResourcesBuildPhase;
			buildActionMask = 2147483647;
			files = (
			);
			runOnlyForDeploymentPostprocessing = 0;
		};
/* End PBXResourcesBuildPhase section */

/* Begin PBXShellScriptBuildPhase section */
		5B9F9762F1D36B332E18F0BB /* [CP] Check Pods Manifest.lock */ = {
			isa = PBXShellScriptBuildPhase;
			buildActionMask = 2147483647;
			files = (
			);
			inputFileListPaths = (
			);
			inputPaths = (
				"${PODS_PODFILE_DIR_PATH}/Podfile.lock",
				"${PODS_ROOT}/Manifest.lock",
			);
			name = "[CP] Check Pods Manifest.lock";
			outputFileListPaths = (
			);
			outputPaths = (
				"$(DERIVED_FILE_DIR)/Pods-Perdo-checkManifestLockResult.txt",
			);
			runOnlyForDeploymentPostprocessing = 0;
			shellPath = /bin/sh;
			shellScript = "diff \"${PODS_PODFILE_DIR_PATH}/Podfile.lock\" \"${PODS_ROOT}/Manifest.lock\" > /dev/null\nif [ $? != 0 ] ; then\n    # print error to STDERR\n    echo \"error: The sandbox is not in sync with the Podfile.lock. Run 'pod install' or update your CocoaPods installation.\" >&2\n    exit 1\nfi\n# This output is used by Xcode 'outputs' to avoid re-running this script phase.\necho \"SUCCESS\" > \"${SCRIPT_OUTPUT_FILE_0}\"\n";
			showEnvVarsInLog = 0;
		};
		6D9880248839ABE8A7D72DBB /* [CP] Embed Pods Frameworks */ = {
			isa = PBXShellScriptBuildPhase;
			buildActionMask = 2147483647;
			files = (
			);
			inputFileListPaths = (
				"${PODS_ROOT}/Target Support Files/Pods-Perdo/Pods-Perdo-frameworks-${CONFIGURATION}-input-files.xcfilelist",
			);
			name = "[CP] Embed Pods Frameworks";
			outputFileListPaths = (
				"${PODS_ROOT}/Target Support Files/Pods-Perdo/Pods-Perdo-frameworks-${CONFIGURATION}-output-files.xcfilelist",
			);
			runOnlyForDeploymentPostprocessing = 0;
			shellPath = /bin/sh;
			shellScript = "\"${PODS_ROOT}/Target Support Files/Pods-Perdo/Pods-Perdo-frameworks.sh\"\n";
			showEnvVarsInLog = 0;
		};
/* End PBXShellScriptBuildPhase section */

/* Begin PBXSourcesBuildPhase section */
		5C4D52132429E686001AE779 /* Sources */ = {
			isa = PBXSourcesBuildPhase;
			buildActionMask = 2147483647;
			files = (
				5C17A271242D9A0F00D9F029 /* NameListViewController.m in Sources */,
				5C0405072429EF0100C80A68 /* AFHTTPSessionManager+RetryPolicy.m in Sources */,
				5C17A267242D980F00D9F029 /* UIViewController+ZJScrollPageController.m in Sources */,
				5C0405042429EF0100C80A68 /* UIViewController+AddCommenNotify.m in Sources */,
				5C0405022429EF0100C80A68 /* UINavigationBar+Awesome.m in Sources */,
				5C17A27E242DD0E500D9F029 /* UIScrollView+EmptyDataSet.m in Sources */,
				5C0405062429EF0100C80A68 /* UIView+SNFoundation.m in Sources */,
				5C17A2C0242DD46F00D9F029 /* NameListTableViewCell.m in Sources */,
				5C04051F2429FDFE00C80A68 /* AuthCodeView.m in Sources */,
				5C52B603242B0B6600BE39DA /* UIViewController+PDNavigationItem.m in Sources */,
				5C0404CE2429EEB500C80A68 /* ExerciseViewController.m in Sources */,
				5C0405052429EF0100C80A68 /* NSArray+CheckSP.m in Sources */,
				5C17A252242CA86600D9F029 /* CustomAlertFourView.m in Sources */,
				5C0405012429EF0100C80A68 /* UINavigationController+FDFullscreenPopGesture.m in Sources */,
				5C0404CF2429EEB500C80A68 /* IndexViewController.m in Sources */,
				5C55A3BC24330D40005E48FA /* CourseChoseButton.m in Sources */,
				5C17A2B6242DD25500D9F029 /* UIScrollView+HeaderScaleImage.m in Sources */,
				5C17A24D242CA82600D9F029 /* CustomAlertThreeView.m in Sources */,
				5C4D521C2429E686001AE779 /* AppDelegate.m in Sources */,
				5C0404CD2429EEB500C80A68 /* ClassViewController.m in Sources */,
				5C0404FD2429EF0100C80A68 /* BEEGIFImageSerialization.m in Sources */,
				5C0404D12429EEB500C80A68 /* MailListViewController.m in Sources */,
				5C17A282242DD17600D9F029 /* UIScrollView+ConfigRefresh.m in Sources */,
				5C17A26B242D980F00D9F029 /* ZJScrollPageView.m in Sources */,
				5C52B5FC242B093600BE39DA /* TeacherViewController.m in Sources */,
				5C0405162429FCE400C80A68 /* PhoneLoginViewController.m in Sources */,
				5C0405082429EF0100C80A68 /* NSObject+AssociatedDictionary.m in Sources */,
				5C0404AD2429EE9B00C80A68 /* MainNavController.m in Sources */,
				5C0405092429EF0100C80A68 /* ObjcAssociatedObjectHelpers.m in Sources */,
				5C0404AE2429EE9B00C80A68 /* MainTabBarController.m in Sources */,
				5C0404D82429EEE100C80A68 /* APPHelper.m in Sources */,
				5C17A268242D980F00D9F029 /* ZJContentView.m in Sources */,
				5C17A266242D980F00D9F029 /* ZJTitleView.m in Sources */,
				5C52B5F2242AF87100BE39DA /* RoleChoicesViewController.m in Sources */,
				5C55A3B22432DCD0005E48FA /* HomeworkTableViewCell.m in Sources */,
				5C0404FC2429EF0100C80A68 /* UIImage+Compress.m in Sources */,
				5C17A26E242D99E900D9F029 /* HonorViewController.m in Sources */,
				5C4D522D2429E688001AE779 /* main.m in Sources */,
				5C04051E2429FDFE00C80A68 /* ProtocolLabel.m in Sources */,
				5C0404D02429EEB500C80A68 /* MineViewController.m in Sources */,
				5C17A2BC242DD2A100D9F029 /* UICollectionView+ARDynamicCacheHeightLayoutCell.m in Sources */,
				5C52B5F7242B092400BE39DA /* StudentViewController.m in Sources */,
				5C17A265242D980F00D9F029 /* UIView+ZJFrame.m in Sources */,
				5C17A269242D980F00D9F029 /* ZJSegmentStyle.m in Sources */,
				5C0405002429EF0100C80A68 /* UIImageView+CornerRadius.m in Sources */,
				5C17A26A242D980F00D9F029 /* ZJScrollSegmentView.m in Sources */,
				5C52B604242B0B6600BE39DA /* UITableViewCell+PDLineSpace.m in Sources */,
				5C17A275242DD08E00D9F029 /* HonorTableViewCell.m in Sources */,
				5C0405122429FC6500C80A68 /* MemberInfoModel.m in Sources */,
			);
			runOnlyForDeploymentPostprocessing = 0;
		};
		5C4D522E2429E688001AE779 /* Sources */ = {
			isa = PBXSourcesBuildPhase;
			buildActionMask = 2147483647;
			files = (
				5C4D52372429E688001AE779 /* PerdoTests.m in Sources */,
			);
			runOnlyForDeploymentPostprocessing = 0;
		};
		5C4D52392429E688001AE779 /* Sources */ = {
			isa = PBXSourcesBuildPhase;
			buildActionMask = 2147483647;
			files = (
				5C4D52422429E688001AE779 /* PerdoUITests.m in Sources */,
			);
			runOnlyForDeploymentPostprocessing = 0;
		};
/* End PBXSourcesBuildPhase section */

/* Begin PBXTargetDependency section */
		5C4D52342429E688001AE779 /* PBXTargetDependency */ = {
			isa = PBXTargetDependency;
			target = 5C4D52162429E686001AE779 /* Perdo */;
			targetProxy = 5C4D52332429E688001AE779 /* PBXContainerItemProxy */;
		};
		5C4D523F2429E688001AE779 /* PBXTargetDependency */ = {
			isa = PBXTargetDependency;
			target = 5C4D52162429E686001AE779 /* Perdo */;
			targetProxy = 5C4D523E2429E688001AE779 /* PBXContainerItemProxy */;
		};
/* End PBXTargetDependency section */

/* Begin PBXVariantGroup section */
		5C4D52282429E688001AE779 /* LaunchScreen.storyboard */ = {
			isa = PBXVariantGroup;
			children = (
				5C4D52292429E688001AE779 /* Base */,
			);
			name = LaunchScreen.storyboard;
			sourceTree = "<group>";
		};
/* End PBXVariantGroup section */

/* Begin XCBuildConfiguration section */
		5C4D52442429E688001AE779 /* Debug */ = {
			isa = XCBuildConfiguration;
			buildSettings = {
				ALWAYS_SEARCH_USER_PATHS = NO;
				CLANG_ANALYZER_NONNULL = YES;
				CLANG_ANALYZER_NUMBER_OBJECT_CONVERSION = YES_AGGRESSIVE;
				CLANG_CXX_LANGUAGE_STANDARD = "gnu++14";
				CLANG_CXX_LIBRARY = "libc++";
				CLANG_ENABLE_MODULES = YES;
				CLANG_ENABLE_OBJC_ARC = YES;
				CLANG_ENABLE_OBJC_WEAK = YES;
				CLANG_WARN_BLOCK_CAPTURE_AUTORELEASING = YES;
				CLANG_WARN_BOOL_CONVERSION = YES;
				CLANG_WARN_COMMA = YES;
				CLANG_WARN_CONSTANT_CONVERSION = YES;
				CLANG_WARN_DEPRECATED_OBJC_IMPLEMENTATIONS = YES;
				CLANG_WARN_DIRECT_OBJC_ISA_USAGE = YES_ERROR;
				CLANG_WARN_DOCUMENTATION_COMMENTS = YES;
				CLANG_WARN_EMPTY_BODY = YES;
				CLANG_WARN_ENUM_CONVERSION = YES;
				CLANG_WARN_INFINITE_RECURSION = YES;
				CLANG_WARN_INT_CONVERSION = YES;
				CLANG_WARN_NON_LITERAL_NULL_CONVERSION = YES;
				CLANG_WARN_OBJC_IMPLICIT_RETAIN_SELF = YES;
				CLANG_WARN_OBJC_LITERAL_CONVERSION = YES;
				CLANG_WARN_OBJC_ROOT_CLASS = YES_ERROR;
				CLANG_WARN_RANGE_LOOP_ANALYSIS = YES;
				CLANG_WARN_STRICT_PROTOTYPES = YES;
				CLANG_WARN_SUSPICIOUS_MOVE = YES;
				CLANG_WARN_UNGUARDED_AVAILABILITY = YES_AGGRESSIVE;
				CLANG_WARN_UNREACHABLE_CODE = YES;
				CLANG_WARN__DUPLICATE_METHOD_MATCH = YES;
				COPY_PHASE_STRIP = NO;
				DEBUG_INFORMATION_FORMAT = dwarf;
				ENABLE_STRICT_OBJC_MSGSEND = YES;
				ENABLE_TESTABILITY = YES;
				GCC_C_LANGUAGE_STANDARD = gnu11;
				GCC_DYNAMIC_NO_PIC = NO;
				GCC_NO_COMMON_BLOCKS = YES;
				GCC_OPTIMIZATION_LEVEL = 0;
				GCC_PREPROCESSOR_DEFINITIONS = (
					"DEBUG=1",
					"$(inherited)",
				);
				GCC_WARN_64_TO_32_BIT_CONVERSION = YES;
				GCC_WARN_ABOUT_RETURN_TYPE = YES_ERROR;
				GCC_WARN_UNDECLARED_SELECTOR = YES;
				GCC_WARN_UNINITIALIZED_AUTOS = YES_AGGRESSIVE;
				GCC_WARN_UNUSED_FUNCTION = YES;
				GCC_WARN_UNUSED_VARIABLE = YES;
				IPHONEOS_DEPLOYMENT_TARGET = 13.2;
				MTL_ENABLE_DEBUG_INFO = INCLUDE_SOURCE;
				MTL_FAST_MATH = YES;
				ONLY_ACTIVE_ARCH = YES;
				SDKROOT = iphoneos;
			};
			name = Debug;
		};
		5C4D52452429E688001AE779 /* Release */ = {
			isa = XCBuildConfiguration;
			buildSettings = {
				ALWAYS_SEARCH_USER_PATHS = NO;
				CLANG_ANALYZER_NONNULL = YES;
				CLANG_ANALYZER_NUMBER_OBJECT_CONVERSION = YES_AGGRESSIVE;
				CLANG_CXX_LANGUAGE_STANDARD = "gnu++14";
				CLANG_CXX_LIBRARY = "libc++";
				CLANG_ENABLE_MODULES = YES;
				CLANG_ENABLE_OBJC_ARC = YES;
				CLANG_ENABLE_OBJC_WEAK = YES;
				CLANG_WARN_BLOCK_CAPTURE_AUTORELEASING = YES;
				CLANG_WARN_BOOL_CONVERSION = YES;
				CLANG_WARN_COMMA = YES;
				CLANG_WARN_CONSTANT_CONVERSION = YES;
				CLANG_WARN_DEPRECATED_OBJC_IMPLEMENTATIONS = YES;
				CLANG_WARN_DIRECT_OBJC_ISA_USAGE = YES_ERROR;
				CLANG_WARN_DOCUMENTATION_COMMENTS = YES;
				CLANG_WARN_EMPTY_BODY = YES;
				CLANG_WARN_ENUM_CONVERSION = YES;
				CLANG_WARN_INFINITE_RECURSION = YES;
				CLANG_WARN_INT_CONVERSION = YES;
				CLANG_WARN_NON_LITERAL_NULL_CONVERSION = YES;
				CLANG_WARN_OBJC_IMPLICIT_RETAIN_SELF = YES;
				CLANG_WARN_OBJC_LITERAL_CONVERSION = YES;
				CLANG_WARN_OBJC_ROOT_CLASS = YES_ERROR;
				CLANG_WARN_RANGE_LOOP_ANALYSIS = YES;
				CLANG_WARN_STRICT_PROTOTYPES = YES;
				CLANG_WARN_SUSPICIOUS_MOVE = YES;
				CLANG_WARN_UNGUARDED_AVAILABILITY = YES_AGGRESSIVE;
				CLANG_WARN_UNREACHABLE_CODE = YES;
				CLANG_WARN__DUPLICATE_METHOD_MATCH = YES;
				COPY_PHASE_STRIP = NO;
				DEBUG_INFORMATION_FORMAT = "dwarf-with-dsym";
				ENABLE_NS_ASSERTIONS = NO;
				ENABLE_STRICT_OBJC_MSGSEND = YES;
				GCC_C_LANGUAGE_STANDARD = gnu11;
				GCC_NO_COMMON_BLOCKS = YES;
				GCC_WARN_64_TO_32_BIT_CONVERSION = YES;
				GCC_WARN_ABOUT_RETURN_TYPE = YES_ERROR;
				GCC_WARN_UNDECLARED_SELECTOR = YES;
				GCC_WARN_UNINITIALIZED_AUTOS = YES_AGGRESSIVE;
				GCC_WARN_UNUSED_FUNCTION = YES;
				GCC_WARN_UNUSED_VARIABLE = YES;
				IPHONEOS_DEPLOYMENT_TARGET = 13.2;
				MTL_ENABLE_DEBUG_INFO = NO;
				MTL_FAST_MATH = YES;
				SDKROOT = iphoneos;
				VALIDATE_PRODUCT = YES;
			};
			name = Release;
		};
		5C4D52472429E688001AE779 /* Debug */ = {
			isa = XCBuildConfiguration;
			baseConfigurationReference = 83077C5A823C3868132D4C1D /* Pods-Perdo.debug.xcconfig */;
			buildSettings = {
				ASSETCATALOG_COMPILER_APPICON_NAME = AppIcon;
				CODE_SIGN_IDENTITY = "iPhone Developer";
				CODE_SIGN_STYLE = Automatic;
				DEVELOPMENT_TEAM = D5N9D4342J;
				GCC_PREFIX_HEADER = "/Users/predo/项目/Perdo/Perdo/SpportingFiles/PchFile.pch";
				INFOPLIST_FILE = "/Users/predo/项目/Perdo/Perdo/SpportingFiles/perdo_Info.plist";
				IPHONEOS_DEPLOYMENT_TARGET = 11.0;
				LD_RUNPATH_SEARCH_PATHS = (
					"$(inherited)",
					"@executable_path/Frameworks",
				);
				PRODUCT_BUNDLE_IDENTIFIER = com.perdo.Perdo;
				PRODUCT_NAME = "$(TARGET_NAME)";
				TARGETED_DEVICE_FAMILY = 1;
				USER_HEADER_SEARCH_PATHS = "$(PODS_ROOT)/**";
			};
			name = Debug;
		};
		5C4D52482429E688001AE779 /* Release */ = {
			isa = XCBuildConfiguration;
			baseConfigurationReference = A6B42605BDFF777BE77139DE /* Pods-Perdo.release.xcconfig */;
			buildSettings = {
				ASSETCATALOG_COMPILER_APPICON_NAME = AppIcon;
				CODE_SIGN_IDENTITY = "iPhone Developer";
				CODE_SIGN_STYLE = Automatic;
				DEVELOPMENT_TEAM = D5N9D4342J;
				GCC_PREFIX_HEADER = "/Users/predo/项目/Perdo/Perdo/SpportingFiles/PchFile.pch";
				INFOPLIST_FILE = "/Users/predo/项目/Perdo/Perdo/SpportingFiles/perdo_Info.plist";
				IPHONEOS_DEPLOYMENT_TARGET = 11.0;
				LD_RUNPATH_SEARCH_PATHS = (
					"$(inherited)",
					"@executable_path/Frameworks",
				);
				PRODUCT_BUNDLE_IDENTIFIER = com.perdo.Perdo;
				PRODUCT_NAME = "$(TARGET_NAME)";
				TARGETED_DEVICE_FAMILY = 1;
				USER_HEADER_SEARCH_PATHS = "$(PODS_ROOT)/**";
			};
			name = Release;
		};
		5C4D524A2429E688001AE779 /* Debug */ = {
			isa = XCBuildConfiguration;
			buildSettings = {
				BUNDLE_LOADER = "$(TEST_HOST)";
				CODE_SIGN_STYLE = Automatic;
				INFOPLIST_FILE = PerdoTests/Info.plist;
				IPHONEOS_DEPLOYMENT_TARGET = 13.2;
				LD_RUNPATH_SEARCH_PATHS = (
					"$(inherited)",
					"@executable_path/Frameworks",
					"@loader_path/Frameworks",
				);
				PRODUCT_BUNDLE_IDENTIFIER = Perdo.perdo.PerdoTests;
				PRODUCT_NAME = "$(TARGET_NAME)";
				TARGETED_DEVICE_FAMILY = "1,2";
				TEST_HOST = "$(BUILT_PRODUCTS_DIR)/Perdo.app/Perdo";
			};
			name = Debug;
		};
		5C4D524B2429E688001AE779 /* Release */ = {
			isa = XCBuildConfiguration;
			buildSettings = {
				BUNDLE_LOADER = "$(TEST_HOST)";
				CODE_SIGN_STYLE = Automatic;
				INFOPLIST_FILE = PerdoTests/Info.plist;
				IPHONEOS_DEPLOYMENT_TARGET = 13.2;
				LD_RUNPATH_SEARCH_PATHS = (
					"$(inherited)",
					"@executable_path/Frameworks",
					"@loader_path/Frameworks",
				);
				PRODUCT_BUNDLE_IDENTIFIER = Perdo.perdo.PerdoTests;
				PRODUCT_NAME = "$(TARGET_NAME)";
				TARGETED_DEVICE_FAMILY = "1,2";
				TEST_HOST = "$(BUILT_PRODUCTS_DIR)/Perdo.app/Perdo";
			};
			name = Release;
		};
		5C4D524D2429E688001AE779 /* Debug */ = {
			isa = XCBuildConfiguration;
			buildSettings = {
				CODE_SIGN_STYLE = Automatic;
				INFOPLIST_FILE = PerdoUITests/Info.plist;
				LD_RUNPATH_SEARCH_PATHS = (
					"$(inherited)",
					"@executable_path/Frameworks",
					"@loader_path/Frameworks",
				);
				PRODUCT_BUNDLE_IDENTIFIER = Perdo.perdo.PerdoUITests;
				PRODUCT_NAME = "$(TARGET_NAME)";
				TARGETED_DEVICE_FAMILY = "1,2";
				TEST_TARGET_NAME = Perdo;
			};
			name = Debug;
		};
		5C4D524E2429E688001AE779 /* Release */ = {
			isa = XCBuildConfiguration;
			buildSettings = {
				CODE_SIGN_STYLE = Automatic;
				INFOPLIST_FILE = PerdoUITests/Info.plist;
				LD_RUNPATH_SEARCH_PATHS = (
					"$(inherited)",
					"@executable_path/Frameworks",
					"@loader_path/Frameworks",
				);
				PRODUCT_BUNDLE_IDENTIFIER = Perdo.perdo.PerdoUITests;
				PRODUCT_NAME = "$(TARGET_NAME)";
				TARGETED_DEVICE_FAMILY = "1,2";
				TEST_TARGET_NAME = Perdo;
			};
			name = Release;
		};
/* End XCBuildConfiguration section */

/* Begin XCConfigurationList section */
		5C4D52122429E686001AE779 /* Build configuration list for PBXProject "Perdo" */ = {
			isa = XCConfigurationList;
			buildConfigurations = (
				5C4D52442429E688001AE779 /* Debug */,
				5C4D52452429E688001AE779 /* Release */,
			);
			defaultConfigurationIsVisible = 0;
			defaultConfigurationName = Release;
		};
		5C4D52462429E688001AE779 /* Build configuration list for PBXNativeTarget "Perdo" */ = {
			isa = XCConfigurationList;
			buildConfigurations = (
				5C4D52472429E688001AE779 /* Debug */,
				5C4D52482429E688001AE779 /* Release */,
			);
			defaultConfigurationIsVisible = 0;
			defaultConfigurationName = Release;
		};
		5C4D52492429E688001AE779 /* Build configuration list for PBXNativeTarget "PerdoTests" */ = {
			isa = XCConfigurationList;
			buildConfigurations = (
				5C4D524A2429E688001AE779 /* Debug */,
				5C4D524B2429E688001AE779 /* Release */,
			);
			defaultConfigurationIsVisible = 0;
			defaultConfigurationName = Release;
		};
		5C4D524C2429E688001AE779 /* Build configuration list for PBXNativeTarget "PerdoUITests" */ = {
			isa = XCConfigurationList;
			buildConfigurations = (
				5C4D524D2429E688001AE779 /* Debug */,
				5C4D524E2429E688001AE779 /* Release */,
			);
			defaultConfigurationIsVisible = 0;
			defaultConfigurationName = Release;
		};
/* End XCConfigurationList section */
	};
	rootObject = 5C4D520F2429E686001AE779 /* Project object */;
}
